// !$*UTF8*$!
{
	archiveVersion = 1;
	classes = {
	};
	objectVersion = 60;
	objects = {

/* Begin PBXBuildFile section */
		E107F0962C69097B00B0B817 /* ContactMenu.swift in Sources */ = {isa = PBXBuildFile; fileRef = E107F0952C69097B00B0B817 /* ContactMenu.swift */; };
		E10E6AE92C66CCD1004D2A35 /* CommunityResourceFinderApp.swift in Sources */ = {isa = PBXBuildFile; fileRef = E10E6AE82C66CCD1004D2A35 /* CommunityResourceFinderApp.swift */; };
		E10E6AEB2C66CCD1004D2A35 /* ContentView.swift in Sources */ = {isa = PBXBuildFile; fileRef = E10E6AEA2C66CCD1004D2A35 /* ContentView.swift */; };
		E10E6AED2C66CCD2004D2A35 /* Assets.xcassets in Resources */ = {isa = PBXBuildFile; fileRef = E10E6AEC2C66CCD2004D2A35 /* Assets.xcassets */; };
		E10E6AF02C66CCD2004D2A35 /* Preview Assets.xcassets in Resources */ = {isa = PBXBuildFile; fileRef = E10E6AEF2C66CCD2004D2A35 /* Preview Assets.xcassets */; };
		E10E6AFD2C66CD5D004D2A35 /* CommunityResourceModel.swift in Sources */ = {isa = PBXBuildFile; fileRef = E10E6AFC2C66CD5D004D2A35 /* CommunityResourceModel.swift */; };
		E10E6AFF2C66CD92004D2A35 /* NewResourceModel.swift in Sources */ = {isa = PBXBuildFile; fileRef = E10E6AFE2C66CD92004D2A35 /* NewResourceModel.swift */; };
		E10E6B012C66CDE1004D2A35 /* APError.swift in Sources */ = {isa = PBXBuildFile; fileRef = E10E6B002C66CDE1004D2A35 /* APError.swift */; };
		E10E6B032C66CDF0004D2A35 /* Alert.swift in Sources */ = {isa = PBXBuildFile; fileRef = E10E6B022C66CDF0004D2A35 /* Alert.swift */; };
		E10E6B052C66CFF1004D2A35 /* NetworkManager.swift in Sources */ = {isa = PBXBuildFile; fileRef = E10E6B042C66CFF1004D2A35 /* NetworkManager.swift */; };
		E10E6B072C66D01D004D2A35 /* LocationService.swift in Sources */ = {isa = PBXBuildFile; fileRef = E10E6B062C66D01D004D2A35 /* LocationService.swift */; };
		E10E6B092C66D04C004D2A35 /* LoadingView.swift in Sources */ = {isa = PBXBuildFile; fileRef = E10E6B082C66D04C004D2A35 /* LoadingView.swift */; };
		E10E6B0B2C66D065004D2A35 /* RemoteImageView.swift in Sources */ = {isa = PBXBuildFile; fileRef = E10E6B0A2C66D065004D2A35 /* RemoteImageView.swift */; };
		E10E6B0D2C66D091004D2A35 /* LargeTile.swift in Sources */ = {isa = PBXBuildFile; fileRef = E10E6B0C2C66D091004D2A35 /* LargeTile.swift */; };
		E10E6B0F2C66D0AF004D2A35 /* ListItem.swift in Sources */ = {isa = PBXBuildFile; fileRef = E10E6B0E2C66D0AF004D2A35 /* ListItem.swift */; };
		E10E6B112C66D0D1004D2A35 /* CategoryListTile.swift in Sources */ = {isa = PBXBuildFile; fileRef = E10E6B102C66D0D1004D2A35 /* CategoryListTile.swift */; };
		E10E6B132C66FA40004D2A35 /* Header.swift in Sources */ = {isa = PBXBuildFile; fileRef = E10E6B122C66FA40004D2A35 /* Header.swift */; };
		E10E6B152C66FA6A004D2A35 /* ContactControl.swift in Sources */ = {isa = PBXBuildFile; fileRef = E10E6B142C66FA6A004D2A35 /* ContactControl.swift */; };
		E10E6B172C66FAB3004D2A35 /* ContactButton.swift in Sources */ = {isa = PBXBuildFile; fileRef = E10E6B162C66FAB3004D2A35 /* ContactButton.swift */; };
		E10E6B192C66FB28004D2A35 /* ListViewModel.swift in Sources */ = {isa = PBXBuildFile; fileRef = E10E6B182C66FB28004D2A35 /* ListViewModel.swift */; };
		E10E6B1B2C66FB41004D2A35 /* ListView.swift in Sources */ = {isa = PBXBuildFile; fileRef = E10E6B1A2C66FB41004D2A35 /* ListView.swift */; };
		E10E6B1D2C66FB60004D2A35 /* DetailViewModel.swift in Sources */ = {isa = PBXBuildFile; fileRef = E10E6B1C2C66FB60004D2A35 /* DetailViewModel.swift */; };
		E10E6B1F2C66FB7B004D2A35 /* DetailView.swift in Sources */ = {isa = PBXBuildFile; fileRef = E10E6B1E2C66FB7B004D2A35 /* DetailView.swift */; };
		E10E6B212C66FB9E004D2A35 /* MapViewModel.swift in Sources */ = {isa = PBXBuildFile; fileRef = E10E6B202C66FB9E004D2A35 /* MapViewModel.swift */; };
		E10E6B232C66FBB9004D2A35 /* MapView.swift in Sources */ = {isa = PBXBuildFile; fileRef = E10E6B222C66FBB9004D2A35 /* MapView.swift */; };
		E10E6B252C66FBE1004D2A35 /* TileView.swift in Sources */ = {isa = PBXBuildFile; fileRef = E10E6B242C66FBE1004D2A35 /* TileView.swift */; };
		E10E6B272C66FC0B004D2A35 /* ResyView.swift in Sources */ = {isa = PBXBuildFile; fileRef = E10E6B262C66FC0B004D2A35 /* ResyView.swift */; };
		E10E6B292C66FC30004D2A35 /* NewResourceViewModel.swift in Sources */ = {isa = PBXBuildFile; fileRef = E10E6B282C66FC30004D2A35 /* NewResourceViewModel.swift */; };
		E10E6B2B2C66FC4A004D2A35 /* NewResourceView.swift in Sources */ = {isa = PBXBuildFile; fileRef = E10E6B2A2C66FC4A004D2A35 /* NewResourceView.swift */; };
		E10E6B2D2C66FC74004D2A35 /* FeedbackViewModel.swift in Sources */ = {isa = PBXBuildFile; fileRef = E10E6B2C2C66FC74004D2A35 /* FeedbackViewModel.swift */; };
		E10E6B2F2C66FC89004D2A35 /* FeedbackView.swift in Sources */ = {isa = PBXBuildFile; fileRef = E10E6B2E2C66FC89004D2A35 /* FeedbackView.swift */; };
		E1A647252C8278B50068109E /* TabbedItems.swift in Sources */ = {isa = PBXBuildFile; fileRef = E1A647242C8278B50068109E /* TabbedItems.swift */; };
		E1C0471F2C8746FF00540B89 /* RoundContactControl.swift in Sources */ = {isa = PBXBuildFile; fileRef = E1C0471E2C8746FF00540B89 /* RoundContactControl.swift */; };
/* End PBXBuildFile section */

/* Begin PBXFileReference section */
		E107F0952C69097B00B0B817 /* ContactMenu.swift */ = {isa = PBXFileReference; lastKnownFileType = sourcecode.swift; path = ContactMenu.swift; sourceTree = "<group>"; };
		E10E6AE52C66CCD1004D2A35 /* CommunityResourceFinder.app */ = {isa = PBXFileReference; explicitFileType = wrapper.application; includeInIndex = 0; path = CommunityResourceFinder.app; sourceTree = BUILT_PRODUCTS_DIR; };
		E10E6AE82C66CCD1004D2A35 /* CommunityResourceFinderApp.swift */ = {isa = PBXFileReference; lastKnownFileType = sourcecode.swift; path = CommunityResourceFinderApp.swift; sourceTree = "<group>"; };
		E10E6AEA2C66CCD1004D2A35 /* ContentView.swift */ = {isa = PBXFileReference; lastKnownFileType = sourcecode.swift; path = ContentView.swift; sourceTree = "<group>"; };
		E10E6AEC2C66CCD2004D2A35 /* Assets.xcassets */ = {isa = PBXFileReference; lastKnownFileType = folder.assetcatalog; path = Assets.xcassets; sourceTree = "<group>"; };
		E10E6AEF2C66CCD2004D2A35 /* Preview Assets.xcassets */ = {isa = PBXFileReference; lastKnownFileType = folder.assetcatalog; path = "Preview Assets.xcassets"; sourceTree = "<group>"; };
		E10E6AFC2C66CD5D004D2A35 /* CommunityResourceModel.swift */ = {isa = PBXFileReference; lastKnownFileType = sourcecode.swift; path = CommunityResourceModel.swift; sourceTree = "<group>"; };
		E10E6AFE2C66CD92004D2A35 /* NewResourceModel.swift */ = {isa = PBXFileReference; lastKnownFileType = sourcecode.swift; path = NewResourceModel.swift; sourceTree = "<group>"; };
		E10E6B002C66CDE1004D2A35 /* APError.swift */ = {isa = PBXFileReference; lastKnownFileType = sourcecode.swift; path = APError.swift; sourceTree = "<group>"; };
		E10E6B022C66CDF0004D2A35 /* Alert.swift */ = {isa = PBXFileReference; lastKnownFileType = sourcecode.swift; path = Alert.swift; sourceTree = "<group>"; };
		E10E6B042C66CFF1004D2A35 /* NetworkManager.swift */ = {isa = PBXFileReference; lastKnownFileType = sourcecode.swift; path = NetworkManager.swift; sourceTree = "<group>"; };
		E10E6B062C66D01D004D2A35 /* LocationService.swift */ = {isa = PBXFileReference; lastKnownFileType = sourcecode.swift; path = LocationService.swift; sourceTree = "<group>"; };
		E10E6B082C66D04C004D2A35 /* LoadingView.swift */ = {isa = PBXFileReference; lastKnownFileType = sourcecode.swift; path = LoadingView.swift; sourceTree = "<group>"; };
		E10E6B0A2C66D065004D2A35 /* RemoteImageView.swift */ = {isa = PBXFileReference; lastKnownFileType = sourcecode.swift; path = RemoteImageView.swift; sourceTree = "<group>"; };
		E10E6B0C2C66D091004D2A35 /* LargeTile.swift */ = {isa = PBXFileReference; lastKnownFileType = sourcecode.swift; path = LargeTile.swift; sourceTree = "<group>"; };
		E10E6B0E2C66D0AF004D2A35 /* ListItem.swift */ = {isa = PBXFileReference; lastKnownFileType = sourcecode.swift; path = ListItem.swift; sourceTree = "<group>"; };
		E10E6B102C66D0D1004D2A35 /* CategoryListTile.swift */ = {isa = PBXFileReference; lastKnownFileType = sourcecode.swift; path = CategoryListTile.swift; sourceTree = "<group>"; };
		E10E6B122C66FA40004D2A35 /* Header.swift */ = {isa = PBXFileReference; lastKnownFileType = sourcecode.swift; path = Header.swift; sourceTree = "<group>"; };
		E10E6B142C66FA6A004D2A35 /* ContactControl.swift */ = {isa = PBXFileReference; lastKnownFileType = sourcecode.swift; path = ContactControl.swift; sourceTree = "<group>"; };
		E10E6B162C66FAB3004D2A35 /* ContactButton.swift */ = {isa = PBXFileReference; lastKnownFileType = sourcecode.swift; path = ContactButton.swift; sourceTree = "<group>"; };
		E10E6B182C66FB28004D2A35 /* ListViewModel.swift */ = {isa = PBXFileReference; lastKnownFileType = sourcecode.swift; path = ListViewModel.swift; sourceTree = "<group>"; };
		E10E6B1A2C66FB41004D2A35 /* ListView.swift */ = {isa = PBXFileReference; lastKnownFileType = sourcecode.swift; path = ListView.swift; sourceTree = "<group>"; };
		E10E6B1C2C66FB60004D2A35 /* DetailViewModel.swift */ = {isa = PBXFileReference; lastKnownFileType = sourcecode.swift; path = DetailViewModel.swift; sourceTree = "<group>"; };
		E10E6B1E2C66FB7B004D2A35 /* DetailView.swift */ = {isa = PBXFileReference; lastKnownFileType = sourcecode.swift; path = DetailView.swift; sourceTree = "<group>"; };
		E10E6B202C66FB9E004D2A35 /* MapViewModel.swift */ = {isa = PBXFileReference; lastKnownFileType = sourcecode.swift; path = MapViewModel.swift; sourceTree = "<group>"; };
		E10E6B222C66FBB9004D2A35 /* MapView.swift */ = {isa = PBXFileReference; lastKnownFileType = sourcecode.swift; path = MapView.swift; sourceTree = "<group>"; };
		E10E6B242C66FBE1004D2A35 /* TileView.swift */ = {isa = PBXFileReference; lastKnownFileType = sourcecode.swift; path = TileView.swift; sourceTree = "<group>"; };
		E10E6B262C66FC0B004D2A35 /* ResyView.swift */ = {isa = PBXFileReference; lastKnownFileType = sourcecode.swift; path = ResyView.swift; sourceTree = "<group>"; };
		E10E6B282C66FC30004D2A35 /* NewResourceViewModel.swift */ = {isa = PBXFileReference; lastKnownFileType = sourcecode.swift; path = NewResourceViewModel.swift; sourceTree = "<group>"; };
		E10E6B2A2C66FC4A004D2A35 /* NewResourceView.swift */ = {isa = PBXFileReference; lastKnownFileType = sourcecode.swift; path = NewResourceView.swift; sourceTree = "<group>"; };
		E10E6B2C2C66FC74004D2A35 /* FeedbackViewModel.swift */ = {isa = PBXFileReference; lastKnownFileType = sourcecode.swift; path = FeedbackViewModel.swift; sourceTree = "<group>"; };
		E10E6B2E2C66FC89004D2A35 /* FeedbackView.swift */ = {isa = PBXFileReference; lastKnownFileType = sourcecode.swift; path = FeedbackView.swift; sourceTree = "<group>"; };
		E123AA442C7E437C0070D9FB /* Info.plist */ = {isa = PBXFileReference; lastKnownFileType = text.plist; path = Info.plist; sourceTree = "<group>"; };
		E1A647242C8278B50068109E /* TabbedItems.swift */ = {isa = PBXFileReference; lastKnownFileType = sourcecode.swift; path = TabbedItems.swift; sourceTree = "<group>"; };
		E1C0471E2C8746FF00540B89 /* RoundContactControl.swift */ = {isa = PBXFileReference; lastKnownFileType = sourcecode.swift; path = RoundContactControl.swift; sourceTree = "<group>"; };
/* End PBXFileReference section */

/* Begin PBXFrameworksBuildPhase section */
		E10E6AE22C66CCD1004D2A35 /* Frameworks */ = {
			isa = PBXFrameworksBuildPhase;
			buildActionMask = 2147483647;
			files = (
			);
			runOnlyForDeploymentPostprocessing = 0;
		};
/* End PBXFrameworksBuildPhase section */

/* Begin PBXGroup section */
		E10E6ADC2C66CCD1004D2A35 = {
			isa = PBXGroup;
			children = (
				E10E6AE72C66CCD1004D2A35 /* CommunityResourceFinder */,
				E10E6AE62C66CCD1004D2A35 /* Products */,
			);
			sourceTree = "<group>";
		};
		E10E6AE62C66CCD1004D2A35 /* Products */ = {
			isa = PBXGroup;
			children = (
				E10E6AE52C66CCD1004D2A35 /* CommunityResourceFinder.app */,
			);
			name = Products;
			sourceTree = "<group>";
		};
		E10E6AE72C66CCD1004D2A35 /* CommunityResourceFinder */ = {
			isa = PBXGroup;
			children = (
				E123AA442C7E437C0070D9FB /* Info.plist */,
				E10E6AF62C66CD06004D2A35 /* Model */,
				E10E6AF72C66CD0E004D2A35 /* Alert */,
				E1A647232C8278940068109E /* Extensions */,
				E10E6AF82C66CD15004D2A35 /* Services */,
				E10E6AF92C66CD1B004D2A35 /* View */,
				E10E6AFB2C66CD2D004D2A35 /* Controls */,
				E10E6AFA2C66CD23004D2A35 /* Screens */,
				E10E6AE82C66CCD1004D2A35 /* CommunityResourceFinderApp.swift */,
				E10E6AEC2C66CCD2004D2A35 /* Assets.xcassets */,
				E10E6AEE2C66CCD2004D2A35 /* Preview Content */,
			);
			path = CommunityResourceFinder;
			sourceTree = "<group>";
		};
		E10E6AEE2C66CCD2004D2A35 /* Preview Content */ = {
			isa = PBXGroup;
			children = (
				E10E6AEF2C66CCD2004D2A35 /* Preview Assets.xcassets */,
			);
			path = "Preview Content";
			sourceTree = "<group>";
		};
		E10E6AF62C66CD06004D2A35 /* Model */ = {
			isa = PBXGroup;
			children = (
				E10E6AFC2C66CD5D004D2A35 /* CommunityResourceModel.swift */,
				E10E6AFE2C66CD92004D2A35 /* NewResourceModel.swift */,
			);
			path = Model;
			sourceTree = "<group>";
		};
		E10E6AF72C66CD0E004D2A35 /* Alert */ = {
			isa = PBXGroup;
			children = (
				E10E6B002C66CDE1004D2A35 /* APError.swift */,
				E10E6B022C66CDF0004D2A35 /* Alert.swift */,
			);
			path = Alert;
			sourceTree = "<group>";
		};
		E10E6AF82C66CD15004D2A35 /* Services */ = {
			isa = PBXGroup;
			children = (
				E10E6B042C66CFF1004D2A35 /* NetworkManager.swift */,
				E10E6B062C66D01D004D2A35 /* LocationService.swift */,
			);
			path = Services;
			sourceTree = "<group>";
		};
		E10E6AF92C66CD1B004D2A35 /* View */ = {
			isa = PBXGroup;
			children = (
				E10E6B082C66D04C004D2A35 /* LoadingView.swift */,
				E10E6B0A2C66D065004D2A35 /* RemoteImageView.swift */,
			);
			path = View;
			sourceTree = "<group>";
		};
		E10E6AFA2C66CD23004D2A35 /* Screens */ = {
			isa = PBXGroup;
			children = (
				E10E6AEA2C66CCD1004D2A35 /* ContentView.swift */,
				E10E6B302C66FCAE004D2A35 /* ListView */,
				E10E6B312C66FCCF004D2A35 /* MapView */,
				E10E6B342C66FD05004D2A35 /* ResourceDetail */,
				E10E6B322C66FCE6004D2A35 /* NewResource */,
				E10E6B332C66FCF7004D2A35 /* Feedback */,
				E10E6B352C66FD1F004D2A35 /* Experiments */,
			);
			path = Screens;
			sourceTree = "<group>";
		};
		E10E6AFB2C66CD2D004D2A35 /* Controls */ = {
			isa = PBXGroup;
			children = (
				E1C047202C87476900540B89 /* Contact Buttons */,
				E10E6B0C2C66D091004D2A35 /* LargeTile.swift */,
				E10E6B0E2C66D0AF004D2A35 /* ListItem.swift */,
				E10E6B102C66D0D1004D2A35 /* CategoryListTile.swift */,
				E10E6B122C66FA40004D2A35 /* Header.swift */,
			);
			path = Controls;
			sourceTree = "<group>";
		};
		E10E6B302C66FCAE004D2A35 /* ListView */ = {
			isa = PBXGroup;
			children = (
				E10E6B182C66FB28004D2A35 /* ListViewModel.swift */,
				E10E6B1A2C66FB41004D2A35 /* ListView.swift */,
				E10E6B242C66FBE1004D2A35 /* TileView.swift */,
			);
			path = ListView;
			sourceTree = "<group>";
		};
		E10E6B312C66FCCF004D2A35 /* MapView */ = {
			isa = PBXGroup;
			children = (
				E10E6B202C66FB9E004D2A35 /* MapViewModel.swift */,
				E10E6B222C66FBB9004D2A35 /* MapView.swift */,
			);
			path = MapView;
			sourceTree = "<group>";
		};
		E10E6B322C66FCE6004D2A35 /* NewResource */ = {
			isa = PBXGroup;
			children = (
				E10E6B282C66FC30004D2A35 /* NewResourceViewModel.swift */,
				E10E6B2A2C66FC4A004D2A35 /* NewResourceView.swift */,
			);
			path = NewResource;
			sourceTree = "<group>";
		};
		E10E6B332C66FCF7004D2A35 /* Feedback */ = {
			isa = PBXGroup;
			children = (
				E10E6B2C2C66FC74004D2A35 /* FeedbackViewModel.swift */,
				E10E6B2E2C66FC89004D2A35 /* FeedbackView.swift */,
			);
			path = Feedback;
			sourceTree = "<group>";
		};
		E10E6B342C66FD05004D2A35 /* ResourceDetail */ = {
			isa = PBXGroup;
			children = (
				E10E6B1C2C66FB60004D2A35 /* DetailViewModel.swift */,
				E10E6B1E2C66FB7B004D2A35 /* DetailView.swift */,
			);
			path = ResourceDetail;
			sourceTree = "<group>";
		};
		E10E6B352C66FD1F004D2A35 /* Experiments */ = {
			isa = PBXGroup;
			children = (
				E10E6B262C66FC0B004D2A35 /* ResyView.swift */,
			);
			path = Experiments;
			sourceTree = "<group>";
		};
		E1A647232C8278940068109E /* Extensions */ = {
			isa = PBXGroup;
			children = (
				E1A647242C8278B50068109E /* TabbedItems.swift */,
			);
			path = Extensions;
			sourceTree = "<group>";
		};
		E1C047202C87476900540B89 /* Contact Buttons */ = {
			isa = PBXGroup;
			children = (
				E1C0471E2C8746FF00540B89 /* RoundContactControl.swift */,
				E107F0952C69097B00B0B817 /* ContactMenu.swift */,
				E10E6B162C66FAB3004D2A35 /* ContactButton.swift */,
				E10E6B142C66FA6A004D2A35 /* ContactControl.swift */,
			);
			path = "Contact Buttons";
			sourceTree = "<group>";
		};
/* End PBXGroup section */

/* Begin PBXNativeTarget section */
		E10E6AE42C66CCD1004D2A35 /* CommunityResourceFinder */ = {
			isa = PBXNativeTarget;
			buildConfigurationList = E10E6AF32C66CCD2004D2A35 /* Build configuration list for PBXNativeTarget "CommunityResourceFinder" */;
			buildPhases = (
				E10E6AE12C66CCD1004D2A35 /* Sources */,
				E10E6AE22C66CCD1004D2A35 /* Frameworks */,
				E10E6AE32C66CCD1004D2A35 /* Resources */,
			);
			buildRules = (
			);
			dependencies = (
			);
			name = CommunityResourceFinder;
			productName = CommunityResourceFinder;
			productReference = E10E6AE52C66CCD1004D2A35 /* CommunityResourceFinder.app */;
			productType = "com.apple.product-type.application";
		};
/* End PBXNativeTarget section */

/* Begin PBXProject section */
		E10E6ADD2C66CCD1004D2A35 /* Project object */ = {
			isa = PBXProject;
			attributes = {
				BuildIndependentTargetsInParallel = 1;
				LastSwiftUpdateCheck = 1540;
				LastUpgradeCheck = 1540;
				TargetAttributes = {
					E10E6AE42C66CCD1004D2A35 = {
						CreatedOnToolsVersion = 15.4;
					};
				};
			};
			buildConfigurationList = E10E6AE02C66CCD1004D2A35 /* Build configuration list for PBXProject "CommunityResourceFinder" */;
			compatibilityVersion = "Xcode 15.0";
			developmentRegion = en;
			hasScannedForEncodings = 0;
			knownRegions = (
				en,
				Base,
			);
			mainGroup = E10E6ADC2C66CCD1004D2A35;
			productRefGroup = E10E6AE62C66CCD1004D2A35 /* Products */;
			projectDirPath = "";
			projectRoot = "";
			targets = (
				E10E6AE42C66CCD1004D2A35 /* CommunityResourceFinder */,
			);
		};
/* End PBXProject section */

/* Begin PBXResourcesBuildPhase section */
		E10E6AE32C66CCD1004D2A35 /* Resources */ = {
			isa = PBXResourcesBuildPhase;
			buildActionMask = 2147483647;
			files = (
				E10E6AF02C66CCD2004D2A35 /* Preview Assets.xcassets in Resources */,
				E10E6AED2C66CCD2004D2A35 /* Assets.xcassets in Resources */,
			);
			runOnlyForDeploymentPostprocessing = 0;
		};
/* End PBXResourcesBuildPhase section */

/* Begin PBXSourcesBuildPhase section */
		E10E6AE12C66CCD1004D2A35 /* Sources */ = {
			isa = PBXSourcesBuildPhase;
			buildActionMask = 2147483647;
			files = (
				E10E6B0F2C66D0AF004D2A35 /* ListItem.swift in Sources */,
				E10E6B032C66CDF0004D2A35 /* Alert.swift in Sources */,
				E10E6B0D2C66D091004D2A35 /* LargeTile.swift in Sources */,
				E10E6B232C66FBB9004D2A35 /* MapView.swift in Sources */,
				E10E6B012C66CDE1004D2A35 /* APError.swift in Sources */,
				E10E6B292C66FC30004D2A35 /* NewResourceViewModel.swift in Sources */,
				E10E6B072C66D01D004D2A35 /* LocationService.swift in Sources */,
				E10E6B2B2C66FC4A004D2A35 /* NewResourceView.swift in Sources */,
				E10E6AFF2C66CD92004D2A35 /* NewResourceModel.swift in Sources */,
				E10E6B172C66FAB3004D2A35 /* ContactButton.swift in Sources */,
				E10E6B1D2C66FB60004D2A35 /* DetailViewModel.swift in Sources */,
				E10E6B2D2C66FC74004D2A35 /* FeedbackViewModel.swift in Sources */,
				E10E6B112C66D0D1004D2A35 /* CategoryListTile.swift in Sources */,
				E10E6B1B2C66FB41004D2A35 /* ListView.swift in Sources */,
				E10E6B052C66CFF1004D2A35 /* NetworkManager.swift in Sources */,
				E10E6B212C66FB9E004D2A35 /* MapViewModel.swift in Sources */,
				E10E6AEB2C66CCD1004D2A35 /* ContentView.swift in Sources */,
				E10E6AE92C66CCD1004D2A35 /* CommunityResourceFinderApp.swift in Sources */,
				E10E6B1F2C66FB7B004D2A35 /* DetailView.swift in Sources */,
				E10E6B132C66FA40004D2A35 /* Header.swift in Sources */,
				E1C0471F2C8746FF00540B89 /* RoundContactControl.swift in Sources */,
				E10E6AFD2C66CD5D004D2A35 /* CommunityResourceModel.swift in Sources */,
				E10E6B2F2C66FC89004D2A35 /* FeedbackView.swift in Sources */,
				E1A647252C8278B50068109E /* TabbedItems.swift in Sources */,
				E10E6B0B2C66D065004D2A35 /* RemoteImageView.swift in Sources */,
				E10E6B092C66D04C004D2A35 /* LoadingView.swift in Sources */,
				E107F0962C69097B00B0B817 /* ContactMenu.swift in Sources */,
				E10E6B152C66FA6A004D2A35 /* ContactControl.swift in Sources */,
				E10E6B252C66FBE1004D2A35 /* TileView.swift in Sources */,
				E10E6B192C66FB28004D2A35 /* ListViewModel.swift in Sources */,
				E10E6B272C66FC0B004D2A35 /* ResyView.swift in Sources */,
			);
			runOnlyForDeploymentPostprocessing = 0;
		};
/* End PBXSourcesBuildPhase section */

/* Begin XCBuildConfiguration section */
		E10E6AF12C66CCD2004D2A35 /* Debug */ = {
			isa = XCBuildConfiguration;
			buildSettings = {
				ALWAYS_SEARCH_USER_PATHS = NO;
				ASSETCATALOG_COMPILER_GENERATE_SWIFT_ASSET_SYMBOL_EXTENSIONS = YES;
				CLANG_ANALYZER_NONNULL = YES;
				CLANG_ANALYZER_NUMBER_OBJECT_CONVERSION = YES_AGGRESSIVE;
				CLANG_CXX_LANGUAGE_STANDARD = "gnu++20";
				CLANG_ENABLE_MODULES = YES;
				CLANG_ENABLE_OBJC_ARC = YES;
				CLANG_ENABLE_OBJC_WEAK = YES;
				CLANG_WARN_BLOCK_CAPTURE_AUTORELEASING = YES;
				CLANG_WARN_BOOL_CONVERSION = YES;
				CLANG_WARN_COMMA = YES;
				CLANG_WARN_CONSTANT_CONVERSION = YES;
				CLANG_WARN_DEPRECATED_OBJC_IMPLEMENTATIONS = YES;
				CLANG_WARN_DIRECT_OBJC_ISA_USAGE = YES_ERROR;
				CLANG_WARN_DOCUMENTATION_COMMENTS = YES;
				CLANG_WARN_EMPTY_BODY = YES;
				CLANG_WARN_ENUM_CONVERSION = YES;
				CLANG_WARN_INFINITE_RECURSION = YES;
				CLANG_WARN_INT_CONVERSION = YES;
				CLANG_WARN_NON_LITERAL_NULL_CONVERSION = YES;
				CLANG_WARN_OBJC_IMPLICIT_RETAIN_SELF = YES;
				CLANG_WARN_OBJC_LITERAL_CONVERSION = YES;
				CLANG_WARN_OBJC_ROOT_CLASS = YES_ERROR;
				CLANG_WARN_QUOTED_INCLUDE_IN_FRAMEWORK_HEADER = YES;
				CLANG_WARN_RANGE_LOOP_ANALYSIS = YES;
				CLANG_WARN_STRICT_PROTOTYPES = YES;
				CLANG_WARN_SUSPICIOUS_MOVE = YES;
				CLANG_WARN_UNGUARDED_AVAILABILITY = YES_AGGRESSIVE;
				CLANG_WARN_UNREACHABLE_CODE = YES;
				CLANG_WARN__DUPLICATE_METHOD_MATCH = YES;
				COPY_PHASE_STRIP = NO;
				DEBUG_INFORMATION_FORMAT = dwarf;
				ENABLE_STRICT_OBJC_MSGSEND = YES;
				ENABLE_TESTABILITY = YES;
				ENABLE_USER_SCRIPT_SANDBOXING = YES;
				GCC_C_LANGUAGE_STANDARD = gnu17;
				GCC_DYNAMIC_NO_PIC = NO;
				GCC_NO_COMMON_BLOCKS = YES;
				GCC_OPTIMIZATION_LEVEL = 0;
				GCC_PREPROCESSOR_DEFINITIONS = (
					"DEBUG=1",
					"$(inherited)",
				);
				GCC_WARN_64_TO_32_BIT_CONVERSION = YES;
				GCC_WARN_ABOUT_RETURN_TYPE = YES_ERROR;
				GCC_WARN_UNDECLARED_SELECTOR = YES;
				GCC_WARN_UNINITIALIZED_AUTOS = YES_AGGRESSIVE;
				GCC_WARN_UNUSED_FUNCTION = YES;
				GCC_WARN_UNUSED_VARIABLE = YES;
				IPHONEOS_DEPLOYMENT_TARGET = 17.5;
				LOCALIZATION_PREFERS_STRING_CATALOGS = YES;
				MTL_ENABLE_DEBUG_INFO = INCLUDE_SOURCE;
				MTL_FAST_MATH = YES;
				ONLY_ACTIVE_ARCH = YES;
				SDKROOT = iphoneos;
				SWIFT_ACTIVE_COMPILATION_CONDITIONS = "DEBUG $(inherited)";
				SWIFT_OPTIMIZATION_LEVEL = "-Onone";
			};
			name = Debug;
		};
		E10E6AF22C66CCD2004D2A35 /* Release */ = {
			isa = XCBuildConfiguration;
			buildSettings = {
				ALWAYS_SEARCH_USER_PATHS = NO;
				ASSETCATALOG_COMPILER_GENERATE_SWIFT_ASSET_SYMBOL_EXTENSIONS = YES;
				CLANG_ANALYZER_NONNULL = YES;
				CLANG_ANALYZER_NUMBER_OBJECT_CONVERSION = YES_AGGRESSIVE;
				CLANG_CXX_LANGUAGE_STANDARD = "gnu++20";
				CLANG_ENABLE_MODULES = YES;
				CLANG_ENABLE_OBJC_ARC = YES;
				CLANG_ENABLE_OBJC_WEAK = YES;
				CLANG_WARN_BLOCK_CAPTURE_AUTORELEASING = YES;
				CLANG_WARN_BOOL_CONVERSION = YES;
				CLANG_WARN_COMMA = YES;
				CLANG_WARN_CONSTANT_CONVERSION = YES;
				CLANG_WARN_DEPRECATED_OBJC_IMPLEMENTATIONS = YES;
				CLANG_WARN_DIRECT_OBJC_ISA_USAGE = YES_ERROR;
				CLANG_WARN_DOCUMENTATION_COMMENTS = YES;
				CLANG_WARN_EMPTY_BODY = YES;
				CLANG_WARN_ENUM_CONVERSION = YES;
				CLANG_WARN_INFINITE_RECURSION = YES;
				CLANG_WARN_INT_CONVERSION = YES;
				CLANG_WARN_NON_LITERAL_NULL_CONVERSION = YES;
				CLANG_WARN_OBJC_IMPLICIT_RETAIN_SELF = YES;
				CLANG_WARN_OBJC_LITERAL_CONVERSION = YES;
				CLANG_WARN_OBJC_ROOT_CLASS = YES_ERROR;
				CLANG_WARN_QUOTED_INCLUDE_IN_FRAMEWORK_HEADER = YES;
				CLANG_WARN_RANGE_LOOP_ANALYSIS = YES;
				CLANG_WARN_STRICT_PROTOTYPES = YES;
				CLANG_WARN_SUSPICIOUS_MOVE = YES;
				CLANG_WARN_UNGUARDED_AVAILABILITY = YES_AGGRESSIVE;
				CLANG_WARN_UNREACHABLE_CODE = YES;
				CLANG_WARN__DUPLICATE_METHOD_MATCH = YES;
				COPY_PHASE_STRIP = NO;
				DEBUG_INFORMATION_FORMAT = "dwarf-with-dsym";
				ENABLE_NS_ASSERTIONS = NO;
				ENABLE_STRICT_OBJC_MSGSEND = YES;
				ENABLE_USER_SCRIPT_SANDBOXING = YES;
				GCC_C_LANGUAGE_STANDARD = gnu17;
				GCC_NO_COMMON_BLOCKS = YES;
				GCC_WARN_64_TO_32_BIT_CONVERSION = YES;
				GCC_WARN_ABOUT_RETURN_TYPE = YES_ERROR;
				GCC_WARN_UNDECLARED_SELECTOR = YES;
				GCC_WARN_UNINITIALIZED_AUTOS = YES_AGGRESSIVE;
				GCC_WARN_UNUSED_FUNCTION = YES;
				GCC_WARN_UNUSED_VARIABLE = YES;
				IPHONEOS_DEPLOYMENT_TARGET = 17.5;
				LOCALIZATION_PREFERS_STRING_CATALOGS = YES;
				MTL_ENABLE_DEBUG_INFO = NO;
				MTL_FAST_MATH = YES;
				SDKROOT = iphoneos;
				SWIFT_COMPILATION_MODE = wholemodule;
				VALIDATE_PRODUCT = YES;
			};
			name = Release;
		};
		E10E6AF42C66CCD2004D2A35 /* Debug */ = {
			isa = XCBuildConfiguration;
			buildSettings = {
				ASSETCATALOG_COMPILER_APPICON_NAME = AppIcon;
				ASSETCATALOG_COMPILER_GLOBAL_ACCENT_COLOR_NAME = AccentColor;
				ASSETCATALOG_COMPILER_INCLUDE_ALL_APPICON_ASSETS = YES;
				CODE_SIGN_STYLE = Automatic;
				CURRENT_PROJECT_VERSION = 1;
				DEVELOPMENT_ASSET_PATHS = "\"CommunityResourceFinder/Preview Content\"";
				DEVELOPMENT_TEAM = HSMH5RCF8L;
				ENABLE_PREVIEWS = YES;
				GENERATE_INFOPLIST_FILE = YES;
				INFOPLIST_FILE = CommunityResourceFinder/Info.plist;
				INFOPLIST_KEY_CFBundleDisplayName = ResourceFinder;
				INFOPLIST_KEY_LSApplicationCategoryType = "public.app-category.reference";
				INFOPLIST_KEY_NSLocationWhenInUseUsageDescription = "We want to show the resources relevant to your location.";
				INFOPLIST_KEY_UIApplicationSceneManifest_Generation = YES;
				INFOPLIST_KEY_UIApplicationSupportsIndirectInputEvents = YES;
				INFOPLIST_KEY_UILaunchStoryboardName = "Launch Screen";
				INFOPLIST_KEY_UISupportedInterfaceOrientations = "UIInterfaceOrientationLandscapeLeft UIInterfaceOrientationLandscapeRight UIInterfaceOrientationPortrait UIInterfaceOrientationPortraitUpsideDown";
				IPHONEOS_DEPLOYMENT_TARGET = 17.0;
				LD_RUNPATH_SEARCH_PATHS = (
					"$(inherited)",
					"@executable_path/Frameworks",
				);
				MARKETING_VERSION = 2024.0;
				PRODUCT_BUNDLE_IDENTIFIER = com.dekebowman.ResourceFinder;
				PRODUCT_NAME = "$(TARGET_NAME)";
				SWIFT_EMIT_LOC_STRINGS = YES;
				SWIFT_VERSION = 5.0;
				TARGETED_DEVICE_FAMILY = "1,2";
			};
			name = Debug;
		};
		E10E6AF52C66CCD2004D2A35 /* Release */ = {
			isa = XCBuildConfiguration;
			buildSettings = {
				ASSETCATALOG_COMPILER_APPICON_NAME = AppIcon;
				ASSETCATALOG_COMPILER_GLOBAL_ACCENT_COLOR_NAME = AccentColor;
				ASSETCATALOG_COMPILER_INCLUDE_ALL_APPICON_ASSETS = YES;
				CODE_SIGN_STYLE = Automatic;
				CURRENT_PROJECT_VERSION = 1;
				DEVELOPMENT_ASSET_PATHS = "\"CommunityResourceFinder/Preview Content\"";
				DEVELOPMENT_TEAM = HSMH5RCF8L;
				ENABLE_PREVIEWS = YES;
				GENERATE_INFOPLIST_FILE = YES;
				INFOPLIST_FILE = CommunityResourceFinder/Info.plist;
				INFOPLIST_KEY_CFBundleDisplayName = ResourceFinder;
				INFOPLIST_KEY_LSApplicationCategoryType = "public.app-category.reference";
				INFOPLIST_KEY_NSLocationWhenInUseUsageDescription = "We want to show the resources relevant to your location.";
				INFOPLIST_KEY_UIApplicationSceneManifest_Generation = YES;
				INFOPLIST_KEY_UIApplicationSupportsIndirectInputEvents = YES;
				INFOPLIST_KEY_UILaunchStoryboardName = "Launch Screen";
				INFOPLIST_KEY_UISupportedInterfaceOrientations = "UIInterfaceOrientationLandscapeLeft UIInterfaceOrientationLandscapeRight UIInterfaceOrientationPortrait UIInterfaceOrientationPortraitUpsideDown";
				IPHONEOS_DEPLOYMENT_TARGET = 17.0;
				LD_RUNPATH_SEARCH_PATHS = (
					"$(inherited)",
					"@executable_path/Frameworks",
				);
				MARKETING_VERSION = 2024.0;
				PRODUCT_BUNDLE_IDENTIFIER = com.dekebowman.ResourceFinder;
				PRODUCT_NAME = "$(TARGET_NAME)";
				SWIFT_EMIT_LOC_STRINGS = YES;
				SWIFT_VERSION = 5.0;
				TARGETED_DEVICE_FAMILY = "1,2";
			};
			name = Release;
		};
/* End XCBuildConfiguration section */

/* Begin XCConfigurationList section */
		E10E6AE02C66CCD1004D2A35 /* Build configuration list for PBXProject "CommunityResourceFinder" */ = {
			isa = XCConfigurationList;
			buildConfigurations = (
				E10E6AF12C66CCD2004D2A35 /* Debug */,
				E10E6AF22C66CCD2004D2A35 /* Release */,
			);
			defaultConfigurationIsVisible = 0;
			defaultConfigurationName = Release;
		};
		E10E6AF32C66CCD2004D2A35 /* Build configuration list for PBXNativeTarget "CommunityResourceFinder" */ = {
			isa = XCConfigurationList;
			buildConfigurations = (
				E10E6AF42C66CCD2004D2A35 /* Debug */,
				E10E6AF52C66CCD2004D2A35 /* Release */,
			);
			defaultConfigurationIsVisible = 0;
			defaultConfigurationName = Release;
		};
/* End XCConfigurationList section */
	};
	rootObject = E10E6ADD2C66CCD1004D2A35 /* Project object */;
}
