// !$*UTF8*$!
{
	archiveVersion = 1;
	classes = {
	};
	objectVersion = 60;
	objects = {

/* Begin PBXBuildFile section */
		E107F0962C69097B00B0B817 /* ContactMenu.swift in Sources */ = {isa = PBXBuildFile; fileRef = E107F0952C69097B00B0B817 /* ContactMenu.swift */; };
		E10E6AE92C66CCD1004D2A35 /* CommunityResourceFinderApp.swift in Sources */ = {isa = PBXBuildFile; fileRef = E10E6AE82C66CCD1004D2A35 /* CommunityResourceFinderApp.swift */; };
		E10E6AEB2C66CCD1004D2A35 /* ContentView.swift in Sources */ = {isa = PBXBuildFile; fileRef = E10E6AEA2C66CCD1004D2A35 /* ContentView.swift */; };
		E10E6AED2C66CCD2004D2A35 /* Assets.xcassets in Resources */ = {isa = PBXBuildFile; fileRef = E10E6AEC2C66CCD2004D2A35 /* Assets.xcassets */; };
		E10E6AF02C66CCD2004D2A35 /* Preview Assets.xcassets in Resources */ = {isa = PBXBuildFile; fileRef = E10E6AEF2C66CCD2004D2A35 /* Preview Assets.xcassets */; };
		E10E6AFD2C66CD5D004D2A35 /* CommunityResourceModel.swift in Sources */ = {isa = PBXBuildFile; fileRef = E10E6AFC2C66CD5D004D2A35 /* CommunityResourceModel.swift */; };
		E10E6AFF2C66CD92004D2A35 /* NewResourceModel.swift in Sources */ = {isa = PBXBuildFile; fileRef = E10E6AFE2C66CD92004D2A35 /* NewResourceModel.swift */; };
		E10E6B012C66CDE1004D2A35 /* RFError.swift in Sources */ = {isa = PBXBuildFile; fileRef = E10E6B002C66CDE1004D2A35 /* RFError.swift */; };
		E10E6B032C66CDF0004D2A35 /* Alert.swift in Sources */ = {isa = PBXBuildFile; fileRef = E10E6B022C66CDF0004D2A35 /* Alert.swift */; };
		E10E6B052C66CFF1004D2A35 /* NetworkManager.swift in Sources */ = {isa = PBXBuildFile; fileRef = E10E6B042C66CFF1004D2A35 /* NetworkManager.swift */; };
		E10E6B072C66D01D004D2A35 /* LocationService.swift in Sources */ = {isa = PBXBuildFile; fileRef = E10E6B062C66D01D004D2A35 /* LocationService.swift */; };
		E10E6B092C66D04C004D2A35 /* LoadingView.swift in Sources */ = {isa = PBXBuildFile; fileRef = E10E6B082C66D04C004D2A35 /* LoadingView.swift */; };
		E10E6B0B2C66D065004D2A35 /* RemoteImageView.swift in Sources */ = {isa = PBXBuildFile; fileRef = E10E6B0A2C66D065004D2A35 /* RemoteImageView.swift */; };
		E10E6B0D2C66D091004D2A35 /* LargeTile.swift in Sources */ = {isa = PBXBuildFile; fileRef = E10E6B0C2C66D091004D2A35 /* LargeTile.swift */; };
		E10E6B0F2C66D0AF004D2A35 /* ListItem.swift in Sources */ = {isa = PBXBuildFile; fileRef = E10E6B0E2C66D0AF004D2A35 /* ListItem.swift */; };
		E10E6B112C66D0D1004D2A35 /* CategoryListTile.swift in Sources */ = {isa = PBXBuildFile; fileRef = E10E6B102C66D0D1004D2A35 /* CategoryListTile.swift */; };
		E10E6B132C66FA40004D2A35 /* Header.swift in Sources */ = {isa = PBXBuildFile; fileRef = E10E6B122C66FA40004D2A35 /* Header.swift */; };
		E10E6B152C66FA6A004D2A35 /* ContactControl.swift in Sources */ = {isa = PBXBuildFile; fileRef = E10E6B142C66FA6A004D2A35 /* ContactControl.swift */; };
		E10E6B172C66FAB3004D2A35 /* ContactButton.swift in Sources */ = {isa = PBXBuildFile; fileRef = E10E6B162C66FAB3004D2A35 /* ContactButton.swift */; };
		E10E6B192C66FB28004D2A35 /* ListViewModel.swift in Sources */ = {isa = PBXBuildFile; fileRef = E10E6B182C66FB28004D2A35 /* ListViewModel.swift */; };
		E10E6B1B2C66FB41004D2A35 /* ListView.swift in Sources */ = {isa = PBXBuildFile; fileRef = E10E6B1A2C66FB41004D2A35 /* ListView.swift */; };
		E10E6B1D2C66FB60004D2A35 /* DetailViewModel.swift in Sources */ = {isa = PBXBuildFile; fileRef = E10E6B1C2C66FB60004D2A35 /* DetailViewModel.swift */; };
		E10E6B1F2C66FB7B004D2A35 /* DetailView.swift in Sources */ = {isa = PBXBuildFile; fileRef = E10E6B1E2C66FB7B004D2A35 /* DetailView.swift */; };
		E10E6B212C66FB9E004D2A35 /* MapViewModel.swift in Sources */ = {isa = PBXBuildFile; fileRef = E10E6B202C66FB9E004D2A35 /* MapViewModel.swift */; };
		E10E6B232C66FBB9004D2A35 /* MapView.swift in Sources */ = {isa = PBXBuildFile; fileRef = E10E6B222C66FBB9004D2A35 /* MapView.swift */; };
		E10E6B252C66FBE1004D2A35 /* TileView.swift in Sources */ = {isa = PBXBuildFile; fileRef = E10E6B242C66FBE1004D2A35 /* TileView.swift */; };
		E10E6B272C66FC0B004D2A35 /* ResyView.swift in Sources */ = {isa = PBXBuildFile; fileRef = E10E6B262C66FC0B004D2A35 /* ResyView.swift */; };
		E10E6B292C66FC30004D2A35 /* NewResourceViewModel.swift in Sources */ = {isa = PBXBuildFile; fileRef = E10E6B282C66FC30004D2A35 /* NewResourceViewModel.swift */; };
		E10E6B2B2C66FC4A004D2A35 /* NewResourceView.swift in Sources */ = {isa = PBXBuildFile; fileRef = E10E6B2A2C66FC4A004D2A35 /* NewResourceView.swift */; };
		E10E6B2D2C66FC74004D2A35 /* FeedbackViewModel.swift in Sources */ = {isa = PBXBuildFile; fileRef = E10E6B2C2C66FC74004D2A35 /* FeedbackViewModel.swift */; };
		E10E6B2F2C66FC89004D2A35 /* FeedbackView.swift in Sources */ = {isa = PBXBuildFile; fileRef = E10E6B2E2C66FC89004D2A35 /* FeedbackView.swift */; };
		E14954052D0BA72700E22BDB /* FirestoreModel.swift in Sources */ = {isa = PBXBuildFile; fileRef = E14954042D0BA72700E22BDB /* FirestoreModel.swift */; };
		E14954132D0BAAD300E22BDB /* FirebaseAnalytics in Frameworks */ = {isa = PBXBuildFile; productRef = E14954122D0BAAD300E22BDB /* FirebaseAnalytics */; };
		E14954152D0BAAD300E22BDB /* FirebaseAuth in Frameworks */ = {isa = PBXBuildFile; productRef = E14954142D0BAAD300E22BDB /* FirebaseAuth */; };
		E14954172D0BAAD300E22BDB /* FirebaseCrashlytics in Frameworks */ = {isa = PBXBuildFile; productRef = E14954162D0BAAD300E22BDB /* FirebaseCrashlytics */; };
		E14954192D0BAAD300E22BDB /* FirebaseFirestore in Frameworks */ = {isa = PBXBuildFile; productRef = E14954182D0BAAD300E22BDB /* FirebaseFirestore */; };
		E149541B2D0BAAD300E22BDB /* FirebaseStorage in Frameworks */ = {isa = PBXBuildFile; productRef = E149541A2D0BAAD300E22BDB /* FirebaseStorage */; };
		E149541D2D0BAB5900E22BDB /* FirebaseStorage in Frameworks */ = {isa = PBXBuildFile; productRef = E149541C2D0BAB5900E22BDB /* FirebaseStorage */; };
		E149541F2D0C80D400E22BDB /* FirebaseAuth in Frameworks */ = {isa = PBXBuildFile; productRef = E149541E2D0C80D400E22BDB /* FirebaseAuth */; };
		E14954212D0C80D400E22BDB /* FirebaseFirestore in Frameworks */ = {isa = PBXBuildFile; productRef = E14954202D0C80D400E22BDB /* FirebaseFirestore */; };
		E14954402D0DDD0D00E22BDB /* FirestoreManager.swift in Sources */ = {isa = PBXBuildFile; fileRef = E149543F2D0DDCFC00E22BDB /* FirestoreManager.swift */; };
		E15D7C572D03AA91003C85D1 /* FirebaseAnalytics in Frameworks */ = {isa = PBXBuildFile; productRef = E15D7C562D03AA91003C85D1 /* FirebaseAnalytics */; };
		E15D7C592D03AA91003C85D1 /* FirebaseAnalyticsOnDeviceConversion in Frameworks */ = {isa = PBXBuildFile; productRef = E15D7C582D03AA91003C85D1 /* FirebaseAnalyticsOnDeviceConversion */; };
		E15D7C5B2D03AA91003C85D1 /* FirebaseAnalyticsWithoutAdIdSupport in Frameworks */ = {isa = PBXBuildFile; productRef = E15D7C5A2D03AA91003C85D1 /* FirebaseAnalyticsWithoutAdIdSupport */; };
		E15D7C5D2D03AA91003C85D1 /* FirebaseAppCheck in Frameworks */ = {isa = PBXBuildFile; productRef = E15D7C5C2D03AA91003C85D1 /* FirebaseAppCheck */; };
		E15D7C5F2D03AA91003C85D1 /* FirebaseAppDistribution-Beta in Frameworks */ = {isa = PBXBuildFile; productRef = E15D7C5E2D03AA91003C85D1 /* FirebaseAppDistribution-Beta */; };
		E167D7942D73CB8100593970 /* FirebaseAppCheck in Frameworks */ = {isa = PBXBuildFile; productRef = E167D7932D73CB8100593970 /* FirebaseAppCheck */; };
		E167D7962D73CB8100593970 /* FirebaseStorage in Frameworks */ = {isa = PBXBuildFile; productRef = E167D7952D73CB8100593970 /* FirebaseStorage */; };
		E170B6942DC0012600D4ECCC /* SettingsView.swift in Sources */ = {isa = PBXBuildFile; fileRef = E170B6932DC0012600D4ECCC /* SettingsView.swift */; };
		E170B6972DC00D2100D4ECCC /* SearchView.swift in Sources */ = {isa = PBXBuildFile; fileRef = E170B6952DC00D2100D4ECCC /* SearchView.swift */; };
		E170B6992DC0F77200D4ECCC /* FirebaseManager.swift in Sources */ = {isa = PBXBuildFile; fileRef = E170B6982DC0F77200D4ECCC /* FirebaseManager.swift */; };
		E1A647252C8278B50068109E /* TabbedItems.swift in Sources */ = {isa = PBXBuildFile; fileRef = E1A647242C8278B50068109E /* TabbedItems.swift */; };
		E1B7F1B42D99C8FB00C17337 /* FirebaseImageService.swift in Sources */ = {isa = PBXBuildFile; fileRef = E1B7F1B32D99C8FB00C17337 /* FirebaseImageService.swift */; };
		E1B7F1B62D99CB7800C17337 /* FirebaseImage.swift in Sources */ = {isa = PBXBuildFile; fileRef = E1B7F1B52D99CB7800C17337 /* FirebaseImage.swift */; };
		E1B7F1B82D9A028300C17337 /* ResourceRepository.swift in Sources */ = {isa = PBXBuildFile; fileRef = E1B7F1B72D9A028300C17337 /* ResourceRepository.swift */; };
		E1BE8D442CA0F4C7002975C8 /* FirebaseAnalytics in Frameworks */ = {isa = PBXBuildFile; productRef = E1BE8D432CA0F4C7002975C8 /* FirebaseAnalytics */; };
		E1BE8D462CA0F4C7002975C8 /* FirebaseAnalyticsWithoutAdIdSupport in Frameworks */ = {isa = PBXBuildFile; productRef = E1BE8D452CA0F4C7002975C8 /* FirebaseAnalyticsWithoutAdIdSupport */; };
		E1C0471F2C8746FF00540B89 /* RoundContactControl.swift in Sources */ = {isa = PBXBuildFile; fileRef = E1C0471E2C8746FF00540B89 /* RoundContactControl.swift */; };
		E1D859C62D581FCB00458969 /* EXT_Resource.swift in Sources */ = {isa = PBXBuildFile; fileRef = E1D859C52D581FCB00458969 /* EXT_Resource.swift */; };
		E1D859C82D58270200458969 /* GeocodingService.swift in Sources */ = {isa = PBXBuildFile; fileRef = E1D859C72D58270200458969 /* GeocodingService.swift */; };
		E1D859CB2D5A465300458969 /* ImageMigrationService.swift in Sources */ = {isa = PBXBuildFile; fileRef = E1D859CA2D5A465300458969 /* ImageMigrationService.swift */; };
		E1E424D92C8B340F000DD48D /* TabViewControl.swift in Sources */ = {isa = PBXBuildFile; fileRef = E1E424D82C8B340F000DD48D /* TabViewControl.swift */; };
		E1E7216D2C887F8700BC0DEA /* WebView.swift in Sources */ = {isa = PBXBuildFile; fileRef = E1E7216C2C887F8700BC0DEA /* WebView.swift */; };
		E1EAF3032C9C73B800373567 /* DetailViewHeader.swift in Sources */ = {isa = PBXBuildFile; fileRef = E1EAF3022C9C73B800373567 /* DetailViewHeader.swift */; };
		E1EAF3052C9C749A00373567 /* MapDetailControl.swift in Sources */ = {isa = PBXBuildFile; fileRef = E1EAF3042C9C749A00373567 /* MapDetailControl.swift */; };
		E1F1B14D2DAABDD90029F75B /* FirebasePerformance in Frameworks */ = {isa = PBXBuildFile; productRef = E1F1B14C2DAABDD90029F75B /* FirebasePerformance */; };
		E1FFEEAE2D2333D00042D7D1 /* ValidationError.swift in Sources */ = {isa = PBXBuildFile; fileRef = E1FFEEAD2D2333CE0042D7D1 /* ValidationError.swift */; };
		E1FFEEB12D2334210042D7D1 /* FieldsValidation.swift in Sources */ = {isa = PBXBuildFile; fileRef = E1FFEEB02D2334210042D7D1 /* FieldsValidation.swift */; };
		E1FFEEB32D2334AB0042D7D1 /* Fields.swift in Sources */ = {isa = PBXBuildFile; fileRef = E1FFEEB22D2334AB0042D7D1 /* Fields.swift */; };
		E1FFEEB52D2363B30042D7D1 /* FirestoreMigrationService.swift in Sources */ = {isa = PBXBuildFile; fileRef = E1FFEEB42D2363B30042D7D1 /* FirestoreMigrationService.swift */; };
		E1FFEEB72D2366480042D7D1 /* MigrationView.swift in Sources */ = {isa = PBXBuildFile; fileRef = E1FFEEB62D2366480042D7D1 /* MigrationView.swift */; };
		E1FFEEB92D244EB60042D7D1 /* MigrationManager.swift in Sources */ = {isa = PBXBuildFile; fileRef = E1FFEEB82D244EB60042D7D1 /* MigrationManager.swift */; };
		E1FFEEBB2D246E100042D7D1 /* MigrationLogEntry.swift in Sources */ = {isa = PBXBuildFile; fileRef = E1FFEEBA2D246E0A0042D7D1 /* MigrationLogEntry.swift */; };
		E1FFEEBD2D246EA60042D7D1 /* MigrationLogView.swift in Sources */ = {isa = PBXBuildFile; fileRef = E1FFEEBC2D246EA60042D7D1 /* MigrationLogView.swift */; };
		E1FFEEBF2D247E8B0042D7D1 /* FirebaseAppCheck in Frameworks */ = {isa = PBXBuildFile; productRef = E1FFEEBE2D247E8B0042D7D1 /* FirebaseAppCheck */; };
		E1FFEEC12D247E8B0042D7D1 /* FirebaseCrashlytics in Frameworks */ = {isa = PBXBuildFile; productRef = E1FFEEC02D247E8B0042D7D1 /* FirebaseCrashlytics */; };
		E1FFEEC52D248A670042D7D1 /* GoogleService-Info.plist in Resources */ = {isa = PBXBuildFile; fileRef = E1FFEEC42D248A670042D7D1 /* GoogleService-Info.plist */; };
		E1FFEF1A2D2B2F9B0042D7D1 /* FirebaseStorage in Frameworks */ = {isa = PBXBuildFile; productRef = E1FFEF192D2B2F9B0042D7D1 /* FirebaseStorage */; };
/* End PBXBuildFile section */

/* Begin PBXFileReference section */
		E107F0952C69097B00B0B817 /* ContactMenu.swift */ = {isa = PBXFileReference; lastKnownFileType = sourcecode.swift; path = ContactMenu.swift; sourceTree = "<group>"; };
		E10E6AE52C66CCD1004D2A35 /* CommunityResourceFinder.app */ = {isa = PBXFileReference; explicitFileType = wrapper.application; includeInIndex = 0; path = CommunityResourceFinder.app; sourceTree = BUILT_PRODUCTS_DIR; };
		E10E6AE82C66CCD1004D2A35 /* CommunityResourceFinderApp.swift */ = {isa = PBXFileReference; lastKnownFileType = sourcecode.swift; path = CommunityResourceFinderApp.swift; sourceTree = "<group>"; };
		E10E6AEA2C66CCD1004D2A35 /* ContentView.swift */ = {isa = PBXFileReference; lastKnownFileType = sourcecode.swift; path = ContentView.swift; sourceTree = "<group>"; };
		E10E6AEC2C66CCD2004D2A35 /* Assets.xcassets */ = {isa = PBXFileReference; lastKnownFileType = folder.assetcatalog; path = Assets.xcassets; sourceTree = "<group>"; };
		E10E6AEF2C66CCD2004D2A35 /* Preview Assets.xcassets */ = {isa = PBXFileReference; lastKnownFileType = folder.assetcatalog; path = "Preview Assets.xcassets"; sourceTree = "<group>"; };
		E10E6AFC2C66CD5D004D2A35 /* CommunityResourceModel.swift */ = {isa = PBXFileReference; lastKnownFileType = sourcecode.swift; path = CommunityResourceModel.swift; sourceTree = "<group>"; };
		E10E6AFE2C66CD92004D2A35 /* NewResourceModel.swift */ = {isa = PBXFileReference; lastKnownFileType = sourcecode.swift; path = NewResourceModel.swift; sourceTree = "<group>"; };
		E10E6B002C66CDE1004D2A35 /* RFError.swift */ = {isa = PBXFileReference; lastKnownFileType = sourcecode.swift; path = RFError.swift; sourceTree = "<group>"; };
		E10E6B022C66CDF0004D2A35 /* Alert.swift */ = {isa = PBXFileReference; lastKnownFileType = sourcecode.swift; path = Alert.swift; sourceTree = "<group>"; };
		E10E6B042C66CFF1004D2A35 /* NetworkManager.swift */ = {isa = PBXFileReference; lastKnownFileType = sourcecode.swift; path = NetworkManager.swift; sourceTree = "<group>"; };
		E10E6B062C66D01D004D2A35 /* LocationService.swift */ = {isa = PBXFileReference; lastKnownFileType = sourcecode.swift; path = LocationService.swift; sourceTree = "<group>"; };
		E10E6B082C66D04C004D2A35 /* LoadingView.swift */ = {isa = PBXFileReference; lastKnownFileType = sourcecode.swift; path = LoadingView.swift; sourceTree = "<group>"; };
		E10E6B0A2C66D065004D2A35 /* RemoteImageView.swift */ = {isa = PBXFileReference; lastKnownFileType = sourcecode.swift; path = RemoteImageView.swift; sourceTree = "<group>"; };
		E10E6B0C2C66D091004D2A35 /* LargeTile.swift */ = {isa = PBXFileReference; lastKnownFileType = sourcecode.swift; path = LargeTile.swift; sourceTree = "<group>"; };
		E10E6B0E2C66D0AF004D2A35 /* ListItem.swift */ = {isa = PBXFileReference; lastKnownFileType = sourcecode.swift; path = ListItem.swift; sourceTree = "<group>"; };
		E10E6B102C66D0D1004D2A35 /* CategoryListTile.swift */ = {isa = PBXFileReference; lastKnownFileType = sourcecode.swift; path = CategoryListTile.swift; sourceTree = "<group>"; };
		E10E6B122C66FA40004D2A35 /* Header.swift */ = {isa = PBXFileReference; lastKnownFileType = sourcecode.swift; path = Header.swift; sourceTree = "<group>"; };
		E10E6B142C66FA6A004D2A35 /* ContactControl.swift */ = {isa = PBXFileReference; lastKnownFileType = sourcecode.swift; path = ContactControl.swift; sourceTree = "<group>"; };
		E10E6B162C66FAB3004D2A35 /* ContactButton.swift */ = {isa = PBXFileReference; lastKnownFileType = sourcecode.swift; path = ContactButton.swift; sourceTree = "<group>"; };
		E10E6B182C66FB28004D2A35 /* ListViewModel.swift */ = {isa = PBXFileReference; lastKnownFileType = sourcecode.swift; path = ListViewModel.swift; sourceTree = "<group>"; };
		E10E6B1A2C66FB41004D2A35 /* ListView.swift */ = {isa = PBXFileReference; lastKnownFileType = sourcecode.swift; path = ListView.swift; sourceTree = "<group>"; };
		E10E6B1C2C66FB60004D2A35 /* DetailViewModel.swift */ = {isa = PBXFileReference; lastKnownFileType = sourcecode.swift; path = DetailViewModel.swift; sourceTree = "<group>"; };
		E10E6B1E2C66FB7B004D2A35 /* DetailView.swift */ = {isa = PBXFileReference; lastKnownFileType = sourcecode.swift; path = DetailView.swift; sourceTree = "<group>"; };
		E10E6B202C66FB9E004D2A35 /* MapViewModel.swift */ = {isa = PBXFileReference; lastKnownFileType = sourcecode.swift; path = MapViewModel.swift; sourceTree = "<group>"; };
		E10E6B222C66FBB9004D2A35 /* MapView.swift */ = {isa = PBXFileReference; lastKnownFileType = sourcecode.swift; path = MapView.swift; sourceTree = "<group>"; };
		E10E6B242C66FBE1004D2A35 /* TileView.swift */ = {isa = PBXFileReference; lastKnownFileType = sourcecode.swift; path = TileView.swift; sourceTree = "<group>"; };
		E10E6B262C66FC0B004D2A35 /* ResyView.swift */ = {isa = PBXFileReference; lastKnownFileType = sourcecode.swift; path = ResyView.swift; sourceTree = "<group>"; };
		E10E6B282C66FC30004D2A35 /* NewResourceViewModel.swift */ = {isa = PBXFileReference; lastKnownFileType = sourcecode.swift; path = NewResourceViewModel.swift; sourceTree = "<group>"; };
		E10E6B2A2C66FC4A004D2A35 /* NewResourceView.swift */ = {isa = PBXFileReference; lastKnownFileType = sourcecode.swift; path = NewResourceView.swift; sourceTree = "<group>"; };
		E10E6B2C2C66FC74004D2A35 /* FeedbackViewModel.swift */ = {isa = PBXFileReference; lastKnownFileType = sourcecode.swift; path = FeedbackViewModel.swift; sourceTree = "<group>"; };
		E10E6B2E2C66FC89004D2A35 /* FeedbackView.swift */ = {isa = PBXFileReference; lastKnownFileType = sourcecode.swift; path = FeedbackView.swift; sourceTree = "<group>"; };
		E123AA442C7E437C0070D9FB /* Info.plist */ = {isa = PBXFileReference; lastKnownFileType = text.plist.xml; path = Info.plist; sourceTree = "<group>"; };
		E14954042D0BA72700E22BDB /* FirestoreModel.swift */ = {isa = PBXFileReference; lastKnownFileType = sourcecode.swift; path = FirestoreModel.swift; sourceTree = "<group>"; };
		E149543F2D0DDCFC00E22BDB /* FirestoreManager.swift */ = {isa = PBXFileReference; lastKnownFileType = sourcecode.swift; path = FirestoreManager.swift; sourceTree = "<group>"; };
		E170B6932DC0012600D4ECCC /* SettingsView.swift */ = {isa = PBXFileReference; lastKnownFileType = sourcecode.swift; path = SettingsView.swift; sourceTree = "<group>"; };
		E170B6952DC00D2100D4ECCC /* SearchView.swift */ = {isa = PBXFileReference; lastKnownFileType = sourcecode.swift; path = SearchView.swift; sourceTree = "<group>"; };
		E170B6982DC0F77200D4ECCC /* FirebaseManager.swift */ = {isa = PBXFileReference; lastKnownFileType = sourcecode.swift; path = FirebaseManager.swift; sourceTree = "<group>"; };
		E1A647242C8278B50068109E /* TabbedItems.swift */ = {isa = PBXFileReference; lastKnownFileType = sourcecode.swift; path = TabbedItems.swift; sourceTree = "<group>"; };
		E1B7F1B32D99C8FB00C17337 /* FirebaseImageService.swift */ = {isa = PBXFileReference; lastKnownFileType = sourcecode.swift; path = FirebaseImageService.swift; sourceTree = "<group>"; };
		E1B7F1B52D99CB7800C17337 /* FirebaseImage.swift */ = {isa = PBXFileReference; lastKnownFileType = sourcecode.swift; path = FirebaseImage.swift; sourceTree = "<group>"; };
		E1B7F1B72D9A028300C17337 /* ResourceRepository.swift */ = {isa = PBXFileReference; lastKnownFileType = sourcecode.swift; path = ResourceRepository.swift; sourceTree = "<group>"; };
		E1C0471E2C8746FF00540B89 /* RoundContactControl.swift */ = {isa = PBXFileReference; lastKnownFileType = sourcecode.swift; path = RoundContactControl.swift; sourceTree = "<group>"; };
		E1D859C52D581FCB00458969 /* EXT_Resource.swift */ = {isa = PBXFileReference; lastKnownFileType = sourcecode.swift; path = EXT_Resource.swift; sourceTree = "<group>"; };
		E1D859C72D58270200458969 /* GeocodingService.swift */ = {isa = PBXFileReference; lastKnownFileType = sourcecode.swift; path = GeocodingService.swift; sourceTree = "<group>"; };
		E1D859CA2D5A465300458969 /* ImageMigrationService.swift */ = {isa = PBXFileReference; lastKnownFileType = sourcecode.swift; path = ImageMigrationService.swift; sourceTree = "<group>"; };
		E1E424D82C8B340F000DD48D /* TabViewControl.swift */ = {isa = PBXFileReference; lastKnownFileType = sourcecode.swift; path = TabViewControl.swift; sourceTree = "<group>"; };
		E1E7216C2C887F8700BC0DEA /* WebView.swift */ = {isa = PBXFileReference; lastKnownFileType = sourcecode.swift; path = WebView.swift; sourceTree = "<group>"; };
		E1EAF3022C9C73B800373567 /* DetailViewHeader.swift */ = {isa = PBXFileReference; lastKnownFileType = sourcecode.swift; path = DetailViewHeader.swift; sourceTree = "<group>"; };
		E1EAF3042C9C749A00373567 /* MapDetailControl.swift */ = {isa = PBXFileReference; lastKnownFileType = sourcecode.swift; path = MapDetailControl.swift; sourceTree = "<group>"; };
		E1FFEEAD2D2333CE0042D7D1 /* ValidationError.swift */ = {isa = PBXFileReference; lastKnownFileType = sourcecode.swift; path = ValidationError.swift; sourceTree = "<group>"; };
		E1FFEEB02D2334210042D7D1 /* FieldsValidation.swift */ = {isa = PBXFileReference; lastKnownFileType = sourcecode.swift; path = FieldsValidation.swift; sourceTree = "<group>"; };
		E1FFEEB22D2334AB0042D7D1 /* Fields.swift */ = {isa = PBXFileReference; lastKnownFileType = sourcecode.swift; path = Fields.swift; sourceTree = "<group>"; };
		E1FFEEB42D2363B30042D7D1 /* FirestoreMigrationService.swift */ = {isa = PBXFileReference; lastKnownFileType = sourcecode.swift; path = FirestoreMigrationService.swift; sourceTree = "<group>"; };
		E1FFEEB62D2366480042D7D1 /* MigrationView.swift */ = {isa = PBXFileReference; lastKnownFileType = sourcecode.swift; path = MigrationView.swift; sourceTree = "<group>"; };
		E1FFEEB82D244EB60042D7D1 /* MigrationManager.swift */ = {isa = PBXFileReference; lastKnownFileType = sourcecode.swift; path = MigrationManager.swift; sourceTree = "<group>"; };
		E1FFEEBA2D246E0A0042D7D1 /* MigrationLogEntry.swift */ = {isa = PBXFileReference; lastKnownFileType = sourcecode.swift; path = MigrationLogEntry.swift; sourceTree = "<group>"; };
		E1FFEEBC2D246EA60042D7D1 /* MigrationLogView.swift */ = {isa = PBXFileReference; lastKnownFileType = sourcecode.swift; path = MigrationLogView.swift; sourceTree = "<group>"; };
		E1FFEEC42D248A670042D7D1 /* GoogleService-Info.plist */ = {isa = PBXFileReference; lastKnownFileType = text.plist.xml; path = "GoogleService-Info.plist"; sourceTree = "<group>"; };
/* End PBXFileReference section */

/* Begin PBXFrameworksBuildPhase section */
		E10E6AE22C66CCD1004D2A35 /* Frameworks */ = {
			isa = PBXFrameworksBuildPhase;
			buildActionMask = 2147483647;
			files = (
				E167D7942D73CB8100593970 /* FirebaseAppCheck in Frameworks */,
				E1FFEEBF2D247E8B0042D7D1 /* FirebaseAppCheck in Frameworks */,
				E15D7C5F2D03AA91003C85D1 /* FirebaseAppDistribution-Beta in Frameworks */,
				E1BE8D442CA0F4C7002975C8 /* FirebaseAnalytics in Frameworks */,
				E14954132D0BAAD300E22BDB /* FirebaseAnalytics in Frameworks */,
				E15D7C5B2D03AA91003C85D1 /* FirebaseAnalyticsWithoutAdIdSupport in Frameworks */,
				E14954152D0BAAD300E22BDB /* FirebaseAuth in Frameworks */,
				E149541F2D0C80D400E22BDB /* FirebaseAuth in Frameworks */,
				E149541B2D0BAAD300E22BDB /* FirebaseStorage in Frameworks */,
				E1BE8D462CA0F4C7002975C8 /* FirebaseAnalyticsWithoutAdIdSupport in Frameworks */,
				E14954212D0C80D400E22BDB /* FirebaseFirestore in Frameworks */,
				E15D7C572D03AA91003C85D1 /* FirebaseAnalytics in Frameworks */,
				E1FFEF1A2D2B2F9B0042D7D1 /* FirebaseStorage in Frameworks */,
				E167D7962D73CB8100593970 /* FirebaseStorage in Frameworks */,
				E1F1B14D2DAABDD90029F75B /* FirebasePerformance in Frameworks */,
				E149541D2D0BAB5900E22BDB /* FirebaseStorage in Frameworks */,
				E14954172D0BAAD300E22BDB /* FirebaseCrashlytics in Frameworks */,
				E1FFEEC12D247E8B0042D7D1 /* FirebaseCrashlytics in Frameworks */,
				E15D7C5D2D03AA91003C85D1 /* FirebaseAppCheck in Frameworks */,
				E14954192D0BAAD300E22BDB /* FirebaseFirestore in Frameworks */,
				E15D7C592D03AA91003C85D1 /* FirebaseAnalyticsOnDeviceConversion in Frameworks */,
			);
			runOnlyForDeploymentPostprocessing = 0;
		};
/* End PBXFrameworksBuildPhase section */

/* Begin PBXGroup section */
		E10E6ADC2C66CCD1004D2A35 = {
			isa = PBXGroup;
			children = (
				E10E6AE72C66CCD1004D2A35 /* CommunityResourceFinder */,
				E10E6AE62C66CCD1004D2A35 /* Products */,
			);
			sourceTree = "<group>";
		};
		E10E6AE62C66CCD1004D2A35 /* Products */ = {
			isa = PBXGroup;
			children = (
				E10E6AE52C66CCD1004D2A35 /* CommunityResourceFinder.app */,
			);
			name = Products;
			sourceTree = "<group>";
		};
		E10E6AE72C66CCD1004D2A35 /* CommunityResourceFinder */ = {
			isa = PBXGroup;
			children = (
				E1D859C92D5A461C00458969 /* Migration */,
				E1FFEEC42D248A670042D7D1 /* GoogleService-Info.plist */,
				E123AA442C7E437C0070D9FB /* Info.plist */,
				E10E6AF62C66CD06004D2A35 /* Model */,
				E10E6AF72C66CD0E004D2A35 /* Alert */,
				E1A647232C8278940068109E /* Extensions */,
				E10E6AF82C66CD15004D2A35 /* Services */,
				E10E6AFB2C66CD2D004D2A35 /* Controls */,
				E10E6AFA2C66CD23004D2A35 /* Screens */,
				E10E6AF92C66CD1B004D2A35 /* View */,
				E10E6AE82C66CCD1004D2A35 /* CommunityResourceFinderApp.swift */,
				E10E6AEC2C66CCD2004D2A35 /* Assets.xcassets */,
				E10E6AEE2C66CCD2004D2A35 /* Preview Content */,
			);
			path = CommunityResourceFinder;
			sourceTree = "<group>";
		};
		E10E6AEE2C66CCD2004D2A35 /* Preview Content */ = {
			isa = PBXGroup;
			children = (
				E10E6AEF2C66CCD2004D2A35 /* Preview Assets.xcassets */,
			);
			path = "Preview Content";
			sourceTree = "<group>";
		};
		E10E6AF62C66CD06004D2A35 /* Model */ = {
			isa = PBXGroup;
			children = (
				E1FFEEAD2D2333CE0042D7D1 /* ValidationError.swift */,
				E14954112D0BA7EA00E22BDB /* Firebase */,
				E149540E2D0BA7A400E22BDB /* Airtable */,
			);
			path = Model;
			sourceTree = "<group>";
		};
		E10E6AF72C66CD0E004D2A35 /* Alert */ = {
			isa = PBXGroup;
			children = (
				E10E6B002C66CDE1004D2A35 /* RFError.swift */,
				E10E6B022C66CDF0004D2A35 /* Alert.swift */,
			);
			path = Alert;
			sourceTree = "<group>";
		};
		E10E6AF82C66CD15004D2A35 /* Services */ = {
			isa = PBXGroup;
			children = (
				E149543F2D0DDCFC00E22BDB /* FirestoreManager.swift */,
				E10E6B042C66CFF1004D2A35 /* NetworkManager.swift */,
				E10E6B062C66D01D004D2A35 /* LocationService.swift */,
				E1D859C72D58270200458969 /* GeocodingService.swift */,
				E1B7F1B32D99C8FB00C17337 /* FirebaseImageService.swift */,
				E1B7F1B72D9A028300C17337 /* ResourceRepository.swift */,
			);
			path = Services;
			sourceTree = "<group>";
		};
		E10E6AF92C66CD1B004D2A35 /* View */ = {
			isa = PBXGroup;
			children = (
				E10E6B082C66D04C004D2A35 /* LoadingView.swift */,
				E10E6B0A2C66D065004D2A35 /* RemoteImageView.swift */,
				E1B7F1B52D99CB7800C17337 /* FirebaseImage.swift */,
			);
			path = View;
			sourceTree = "<group>";
		};
		E10E6AFA2C66CD23004D2A35 /* Screens */ = {
			isa = PBXGroup;
			children = (
				E170B6962DC00D2100D4ECCC /* SearchView */,
				E10E6AEA2C66CCD1004D2A35 /* ContentView.swift */,
				E10E6B302C66FCAE004D2A35 /* ListView */,
				E10E6B312C66FCCF004D2A35 /* MapView */,
				E10E6B342C66FD05004D2A35 /* ResourceDetail */,
				E170B6912DC000D500D4ECCC /* Settings */,
				E10E6B322C66FCE6004D2A35 /* NewResource */,
				E10E6B332C66FCF7004D2A35 /* Feedback */,
				E10E6B352C66FD1F004D2A35 /* Experiments */,
			);
			path = Screens;
			sourceTree = "<group>";
		};
		E10E6AFB2C66CD2D004D2A35 /* Controls */ = {
			isa = PBXGroup;
			children = (
				E1C047202C87476900540B89 /* Contact Buttons */,
				E10E6B0C2C66D091004D2A35 /* LargeTile.swift */,
				E10E6B0E2C66D0AF004D2A35 /* ListItem.swift */,
				E10E6B102C66D0D1004D2A35 /* CategoryListTile.swift */,
				E10E6B122C66FA40004D2A35 /* Header.swift */,
				E1E7216C2C887F8700BC0DEA /* WebView.swift */,
				E1E424D82C8B340F000DD48D /* TabViewControl.swift */,
			);
			path = Controls;
			sourceTree = "<group>";
		};
		E10E6B302C66FCAE004D2A35 /* ListView */ = {
			isa = PBXGroup;
			children = (
				E10E6B182C66FB28004D2A35 /* ListViewModel.swift */,
				E10E6B1A2C66FB41004D2A35 /* ListView.swift */,
				E10E6B242C66FBE1004D2A35 /* TileView.swift */,
				E170B6982DC0F77200D4ECCC /* FirebaseManager.swift */,
			);
			path = ListView;
			sourceTree = "<group>";
		};
		E10E6B312C66FCCF004D2A35 /* MapView */ = {
			isa = PBXGroup;
			children = (
				E10E6B202C66FB9E004D2A35 /* MapViewModel.swift */,
				E10E6B222C66FBB9004D2A35 /* MapView.swift */,
			);
			path = MapView;
			sourceTree = "<group>";
		};
		E10E6B322C66FCE6004D2A35 /* NewResource */ = {
			isa = PBXGroup;
			children = (
				E10E6B282C66FC30004D2A35 /* NewResourceViewModel.swift */,
				E10E6B2A2C66FC4A004D2A35 /* NewResourceView.swift */,
			);
			path = NewResource;
			sourceTree = "<group>";
		};
		E10E6B332C66FCF7004D2A35 /* Feedback */ = {
			isa = PBXGroup;
			children = (
				E10E6B2C2C66FC74004D2A35 /* FeedbackViewModel.swift */,
				E10E6B2E2C66FC89004D2A35 /* FeedbackView.swift */,
			);
			path = Feedback;
			sourceTree = "<group>";
		};
		E10E6B342C66FD05004D2A35 /* ResourceDetail */ = {
			isa = PBXGroup;
			children = (
				E10E6B1C2C66FB60004D2A35 /* DetailViewModel.swift */,
				E10E6B1E2C66FB7B004D2A35 /* DetailView.swift */,
				E1EAF3022C9C73B800373567 /* DetailViewHeader.swift */,
				E1EAF3042C9C749A00373567 /* MapDetailControl.swift */,
			);
			path = ResourceDetail;
			sourceTree = "<group>";
		};
		E10E6B352C66FD1F004D2A35 /* Experiments */ = {
			isa = PBXGroup;
			children = (
				E10E6B262C66FC0B004D2A35 /* ResyView.swift */,
			);
			path = Experiments;
			sourceTree = "<group>";
		};
		E149540E2D0BA7A400E22BDB /* Airtable */ = {
			isa = PBXGroup;
			children = (
				E10E6AFC2C66CD5D004D2A35 /* CommunityResourceModel.swift */,
				E10E6AFE2C66CD92004D2A35 /* NewResourceModel.swift */,
			);
			path = Airtable;
			sourceTree = "<group>";
		};
		E14954112D0BA7EA00E22BDB /* Firebase */ = {
			isa = PBXGroup;
			children = (
				E14954042D0BA72700E22BDB /* FirestoreModel.swift */,
			);
			path = Firebase;
			sourceTree = "<group>";
		};
		E170B6912DC000D500D4ECCC /* Settings */ = {
			isa = PBXGroup;
			children = (
				E170B6932DC0012600D4ECCC /* SettingsView.swift */,
			);
			path = Settings;
			sourceTree = "<group>";
		};
		E170B6962DC00D2100D4ECCC /* SearchView */ = {
			isa = PBXGroup;
			children = (
				E170B6952DC00D2100D4ECCC /* SearchView.swift */,
			);
			path = SearchView;
			sourceTree = "<group>";
		};
		E1A647232C8278940068109E /* Extensions */ = {
			isa = PBXGroup;
			children = (
				E1A647242C8278B50068109E /* TabbedItems.swift */,
				E1FFEEB02D2334210042D7D1 /* FieldsValidation.swift */,
			);
			path = Extensions;
			sourceTree = "<group>";
		};
		E1C047202C87476900540B89 /* Contact Buttons */ = {
			isa = PBXGroup;
			children = (
				E1C0471E2C8746FF00540B89 /* RoundContactControl.swift */,
				E107F0952C69097B00B0B817 /* ContactMenu.swift */,
				E10E6B162C66FAB3004D2A35 /* ContactButton.swift */,
				E10E6B142C66FA6A004D2A35 /* ContactControl.swift */,
			);
			path = "Contact Buttons";
			sourceTree = "<group>";
		};
		E1D859C92D5A461C00458969 /* Migration */ = {
			isa = PBXGroup;
			children = (
				E1FFEEB42D2363B30042D7D1 /* FirestoreMigrationService.swift */,
				E1FFEEB82D244EB60042D7D1 /* MigrationManager.swift */,
				E1FFEEBC2D246EA60042D7D1 /* MigrationLogView.swift */,
				E1D859C52D581FCB00458969 /* EXT_Resource.swift */,
				E1FFEEB62D2366480042D7D1 /* MigrationView.swift */,
				E1D859CA2D5A465300458969 /* ImageMigrationService.swift */,
				E1FFEEB22D2334AB0042D7D1 /* Fields.swift */,
				E1FFEEBA2D246E0A0042D7D1 /* MigrationLogEntry.swift */,
			);
			path = Migration;
			sourceTree = "<group>";
		};
/* End PBXGroup section */

/* Begin PBXNativeTarget section */
		E10E6AE42C66CCD1004D2A35 /* CommunityResourceFinder */ = {
			isa = PBXNativeTarget;
			buildConfigurationList = E10E6AF32C66CCD2004D2A35 /* Build configuration list for PBXNativeTarget "CommunityResourceFinder" */;
			buildPhases = (
				E10E6AE12C66CCD1004D2A35 /* Sources */,
				E10E6AE22C66CCD1004D2A35 /* Frameworks */,
				E10E6AE32C66CCD1004D2A35 /* Resources */,
			);
			buildRules = (
			);
			dependencies = (
			);
			name = CommunityResourceFinder;
			productName = CommunityResourceFinder;
			productReference = E10E6AE52C66CCD1004D2A35 /* CommunityResourceFinder.app */;
			productType = "com.apple.product-type.application";
		};
/* End PBXNativeTarget section */

/* Begin PBXProject section */
		E10E6ADD2C66CCD1004D2A35 /* Project object */ = {
			isa = PBXProject;
			attributes = {
				BuildIndependentTargetsInParallel = 1;
				LastSwiftUpdateCheck = 1540;
				LastUpgradeCheck = 1630;
				TargetAttributes = {
					E10E6AE42C66CCD1004D2A35 = {
						CreatedOnToolsVersion = 15.4;
					};
				};
			};
			buildConfigurationList = E10E6AE02C66CCD1004D2A35 /* Build configuration list for PBXProject "CommunityResourceFinder" */;
			compatibilityVersion = "Xcode 15.0";
			developmentRegion = en;
			hasScannedForEncodings = 0;
			knownRegions = (
				en,
				Base,
			);
			mainGroup = E10E6ADC2C66CCD1004D2A35;
			packageReferences = (
				E1BE8D422CA0F4C7002975C8 /* XCRemoteSwiftPackageReference "firebase-ios-sdk" */,
			);
			productRefGroup = E10E6AE62C66CCD1004D2A35 /* Products */;
			projectDirPath = "";
			projectRoot = "";
			targets = (
				E10E6AE42C66CCD1004D2A35 /* CommunityResourceFinder */,
			);
		};
/* End PBXProject section */

/* Begin PBXResourcesBuildPhase section */
		E10E6AE32C66CCD1004D2A35 /* Resources */ = {
			isa = PBXResourcesBuildPhase;
			buildActionMask = 2147483647;
			files = (
				E10E6AF02C66CCD2004D2A35 /* Preview Assets.xcassets in Resources */,
				E10E6AED2C66CCD2004D2A35 /* Assets.xcassets in Resources */,
				E1FFEEC52D248A670042D7D1 /* GoogleService-Info.plist in Resources */,
			);
			runOnlyForDeploymentPostprocessing = 0;
		};
/* End PBXResourcesBuildPhase section */

/* Begin PBXSourcesBuildPhase section */
		E10E6AE12C66CCD1004D2A35 /* Sources */ = {
			isa = PBXSourcesBuildPhase;
			buildActionMask = 2147483647;
			files = (
				E10E6B0F2C66D0AF004D2A35 /* ListItem.swift in Sources */,
				E14954402D0DDD0D00E22BDB /* FirestoreManager.swift in Sources */,
				E1FFEEB92D244EB60042D7D1 /* MigrationManager.swift in Sources */,
				E1B7F1B82D9A028300C17337 /* ResourceRepository.swift in Sources */,
				E1B7F1B62D99CB7800C17337 /* FirebaseImage.swift in Sources */,
				E1E7216D2C887F8700BC0DEA /* WebView.swift in Sources */,
				E10E6B032C66CDF0004D2A35 /* Alert.swift in Sources */,
				E1FFEEBB2D246E100042D7D1 /* MigrationLogEntry.swift in Sources */,
				E10E6B0D2C66D091004D2A35 /* LargeTile.swift in Sources */,
				E1D859CB2D5A465300458969 /* ImageMigrationService.swift in Sources */,
				E1FFEEB72D2366480042D7D1 /* MigrationView.swift in Sources */,
				E10E6B232C66FBB9004D2A35 /* MapView.swift in Sources */,
				E1EAF3052C9C749A00373567 /* MapDetailControl.swift in Sources */,
				E1FFEEB12D2334210042D7D1 /* FieldsValidation.swift in Sources */,
				E10E6B012C66CDE1004D2A35 /* RFError.swift in Sources */,
				E10E6B292C66FC30004D2A35 /* NewResourceViewModel.swift in Sources */,
				E10E6B072C66D01D004D2A35 /* LocationService.swift in Sources */,
				E170B6972DC00D2100D4ECCC /* SearchView.swift in Sources */,
				E14954052D0BA72700E22BDB /* FirestoreModel.swift in Sources */,
				E1B7F1B42D99C8FB00C17337 /* FirebaseImageService.swift in Sources */,
				E1EAF3032C9C73B800373567 /* DetailViewHeader.swift in Sources */,
				E10E6B2B2C66FC4A004D2A35 /* NewResourceView.swift in Sources */,
				E1D859C82D58270200458969 /* GeocodingService.swift in Sources */,
				E1FFEEBD2D246EA60042D7D1 /* MigrationLogView.swift in Sources */,
				E10E6AFF2C66CD92004D2A35 /* NewResourceModel.swift in Sources */,
				E10E6B172C66FAB3004D2A35 /* ContactButton.swift in Sources */,
				E10E6B1D2C66FB60004D2A35 /* DetailViewModel.swift in Sources */,
				E10E6B2D2C66FC74004D2A35 /* FeedbackViewModel.swift in Sources */,
				E10E6B112C66D0D1004D2A35 /* CategoryListTile.swift in Sources */,
				E1FFEEB32D2334AB0042D7D1 /* Fields.swift in Sources */,
				E170B6992DC0F77200D4ECCC /* FirebaseManager.swift in Sources */,
				E10E6B1B2C66FB41004D2A35 /* ListView.swift in Sources */,
				E10E6B052C66CFF1004D2A35 /* NetworkManager.swift in Sources */,
				E1FFEEAE2D2333D00042D7D1 /* ValidationError.swift in Sources */,
				E10E6B212C66FB9E004D2A35 /* MapViewModel.swift in Sources */,
				E10E6AEB2C66CCD1004D2A35 /* ContentView.swift in Sources */,
				E10E6AE92C66CCD1004D2A35 /* CommunityResourceFinderApp.swift in Sources */,
				E10E6B1F2C66FB7B004D2A35 /* DetailView.swift in Sources */,
				E10E6B132C66FA40004D2A35 /* Header.swift in Sources */,
				E1C0471F2C8746FF00540B89 /* RoundContactControl.swift in Sources */,
				E10E6AFD2C66CD5D004D2A35 /* CommunityResourceModel.swift in Sources */,
				E10E6B2F2C66FC89004D2A35 /* FeedbackView.swift in Sources */,
				E1A647252C8278B50068109E /* TabbedItems.swift in Sources */,
				E10E6B0B2C66D065004D2A35 /* RemoteImageView.swift in Sources */,
				E1FFEEB52D2363B30042D7D1 /* FirestoreMigrationService.swift in Sources */,
				E1D859C62D581FCB00458969 /* EXT_Resource.swift in Sources */,
				E10E6B092C66D04C004D2A35 /* LoadingView.swift in Sources */,
				E107F0962C69097B00B0B817 /* ContactMenu.swift in Sources */,
				E10E6B152C66FA6A004D2A35 /* ContactControl.swift in Sources */,
				E170B6942DC0012600D4ECCC /* SettingsView.swift in Sources */,
				E10E6B252C66FBE1004D2A35 /* TileView.swift in Sources */,
				E10E6B192C66FB28004D2A35 /* ListViewModel.swift in Sources */,
				E1E424D92C8B340F000DD48D /* TabViewControl.swift in Sources */,
				E10E6B272C66FC0B004D2A35 /* ResyView.swift in Sources */,
			);
			runOnlyForDeploymentPostprocessing = 0;
		};
/* End PBXSourcesBuildPhase section */

/* Begin XCBuildConfiguration section */
		E10E6AF12C66CCD2004D2A35 /* Debug */ = {
			isa = XCBuildConfiguration;
			buildSettings = {
				ALWAYS_SEARCH_USER_PATHS = NO;
				ASSETCATALOG_COMPILER_GENERATE_SWIFT_ASSET_SYMBOL_EXTENSIONS = YES;
				CLANG_ANALYZER_NONNULL = YES;
				CLANG_ANALYZER_NUMBER_OBJECT_CONVERSION = YES_AGGRESSIVE;
				CLANG_CXX_LANGUAGE_STANDARD = "gnu++20";
				CLANG_ENABLE_MODULES = YES;
				CLANG_ENABLE_OBJC_ARC = YES;
				CLANG_ENABLE_OBJC_WEAK = YES;
				CLANG_WARN_BLOCK_CAPTURE_AUTORELEASING = YES;
				CLANG_WARN_BOOL_CONVERSION = YES;
				CLANG_WARN_COMMA = YES;
				CLANG_WARN_CONSTANT_CONVERSION = YES;
				CLANG_WARN_DEPRECATED_OBJC_IMPLEMENTATIONS = YES;
				CLANG_WARN_DIRECT_OBJC_ISA_USAGE = YES_ERROR;
				CLANG_WARN_DOCUMENTATION_COMMENTS = YES;
				CLANG_WARN_EMPTY_BODY = YES;
				CLANG_WARN_ENUM_CONVERSION = YES;
				CLANG_WARN_INFINITE_RECURSION = YES;
				CLANG_WARN_INT_CONVERSION = YES;
				CLANG_WARN_NON_LITERAL_NULL_CONVERSION = YES;
				CLANG_WARN_OBJC_IMPLICIT_RETAIN_SELF = YES;
				CLANG_WARN_OBJC_LITERAL_CONVERSION = YES;
				CLANG_WARN_OBJC_ROOT_CLASS = YES_ERROR;
				CLANG_WARN_QUOTED_INCLUDE_IN_FRAMEWORK_HEADER = YES;
				CLANG_WARN_RANGE_LOOP_ANALYSIS = YES;
				CLANG_WARN_STRICT_PROTOTYPES = YES;
				CLANG_WARN_SUSPICIOUS_MOVE = YES;
				CLANG_WARN_UNGUARDED_AVAILABILITY = YES_AGGRESSIVE;
				CLANG_WARN_UNREACHABLE_CODE = YES;
				CLANG_WARN__DUPLICATE_METHOD_MATCH = YES;
				COPY_PHASE_STRIP = NO;
				DEBUG_INFORMATION_FORMAT = "dwarf-with-dsym";
				DEVELOPMENT_TEAM = HSMH5RCF8L;
				ENABLE_STRICT_OBJC_MSGSEND = YES;
				ENABLE_TESTABILITY = YES;
				ENABLE_USER_SCRIPT_SANDBOXING = YES;
				GCC_C_LANGUAGE_STANDARD = gnu17;
				GCC_DYNAMIC_NO_PIC = NO;
				GCC_NO_COMMON_BLOCKS = YES;
				GCC_OPTIMIZATION_LEVEL = 0;
				GCC_PREPROCESSOR_DEFINITIONS = (
					"DEBUG=1",
					"$(inherited)",
				);
				GCC_WARN_64_TO_32_BIT_CONVERSION = YES;
				GCC_WARN_ABOUT_RETURN_TYPE = YES_ERROR;
				GCC_WARN_UNDECLARED_SELECTOR = YES;
				GCC_WARN_UNINITIALIZED_AUTOS = YES_AGGRESSIVE;
				GCC_WARN_UNUSED_FUNCTION = YES;
				GCC_WARN_UNUSED_VARIABLE = YES;
				IPHONEOS_DEPLOYMENT_TARGET = 17.5;
				LOCALIZATION_PREFERS_STRING_CATALOGS = YES;
				MTL_ENABLE_DEBUG_INFO = INCLUDE_SOURCE;
				MTL_FAST_MATH = YES;
				ONLY_ACTIVE_ARCH = YES;
				SDKROOT = iphoneos;
				SWIFT_ACTIVE_COMPILATION_CONDITIONS = "DEBUG $(inherited)";
				SWIFT_OPTIMIZATION_LEVEL = "-Onone";
			};
			name = Debug;
		};
		E10E6AF22C66CCD2004D2A35 /* Release */ = {
			isa = XCBuildConfiguration;
			buildSettings = {
				ALWAYS_SEARCH_USER_PATHS = NO;
				ASSETCATALOG_COMPILER_GENERATE_SWIFT_ASSET_SYMBOL_EXTENSIONS = YES;
				CLANG_ANALYZER_NONNULL = YES;
				CLANG_ANALYZER_NUMBER_OBJECT_CONVERSION = YES_AGGRESSIVE;
				CLANG_CXX_LANGUAGE_STANDARD = "gnu++20";
				CLANG_ENABLE_MODULES = YES;
				CLANG_ENABLE_OBJC_ARC = YES;
				CLANG_ENABLE_OBJC_WEAK = YES;
				CLANG_WARN_BLOCK_CAPTURE_AUTORELEASING = YES;
				CLANG_WARN_BOOL_CONVERSION = YES;
				CLANG_WARN_COMMA = YES;
				CLANG_WARN_CONSTANT_CONVERSION = YES;
				CLANG_WARN_DEPRECATED_OBJC_IMPLEMENTATIONS = YES;
				CLANG_WARN_DIRECT_OBJC_ISA_USAGE = YES_ERROR;
				CLANG_WARN_DOCUMENTATION_COMMENTS = YES;
				CLANG_WARN_EMPTY_BODY = YES;
				CLANG_WARN_ENUM_CONVERSION = YES;
				CLANG_WARN_INFINITE_RECURSION = YES;
				CLANG_WARN_INT_CONVERSION = YES;
				CLANG_WARN_NON_LITERAL_NULL_CONVERSION = YES;
				CLANG_WARN_OBJC_IMPLICIT_RETAIN_SELF = YES;
				CLANG_WARN_OBJC_LITERAL_CONVERSION = YES;
				CLANG_WARN_OBJC_ROOT_CLASS = YES_ERROR;
				CLANG_WARN_QUOTED_INCLUDE_IN_FRAMEWORK_HEADER = YES;
				CLANG_WARN_RANGE_LOOP_ANALYSIS = YES;
				CLANG_WARN_STRICT_PROTOTYPES = YES;
				CLANG_WARN_SUSPICIOUS_MOVE = YES;
				CLANG_WARN_UNGUARDED_AVAILABILITY = YES_AGGRESSIVE;
				CLANG_WARN_UNREACHABLE_CODE = YES;
				CLANG_WARN__DUPLICATE_METHOD_MATCH = YES;
				COPY_PHASE_STRIP = NO;
				DEBUG_INFORMATION_FORMAT = "dwarf-with-dsym";
				DEVELOPMENT_TEAM = HSMH5RCF8L;
				ENABLE_NS_ASSERTIONS = NO;
				ENABLE_STRICT_OBJC_MSGSEND = YES;
				ENABLE_USER_SCRIPT_SANDBOXING = YES;
				GCC_C_LANGUAGE_STANDARD = gnu17;
				GCC_NO_COMMON_BLOCKS = YES;
				GCC_WARN_64_TO_32_BIT_CONVERSION = YES;
				GCC_WARN_ABOUT_RETURN_TYPE = YES_ERROR;
				GCC_WARN_UNDECLARED_SELECTOR = YES;
				GCC_WARN_UNINITIALIZED_AUTOS = YES_AGGRESSIVE;
				GCC_WARN_UNUSED_FUNCTION = YES;
				GCC_WARN_UNUSED_VARIABLE = YES;
				IPHONEOS_DEPLOYMENT_TARGET = 17.5;
				LOCALIZATION_PREFERS_STRING_CATALOGS = YES;
				MTL_ENABLE_DEBUG_INFO = NO;
				MTL_FAST_MATH = YES;
				SDKROOT = iphoneos;
				SWIFT_COMPILATION_MODE = wholemodule;
				VALIDATE_PRODUCT = YES;
			};
			name = Release;
		};
		E10E6AF42C66CCD2004D2A35 /* Debug */ = {
			isa = XCBuildConfiguration;
			buildSettings = {
				ASSETCATALOG_COMPILER_APPICON_NAME = AppIcon;
				ASSETCATALOG_COMPILER_GLOBAL_ACCENT_COLOR_NAME = AccentColor;
				ASSETCATALOG_COMPILER_INCLUDE_ALL_APPICON_ASSETS = YES;
				CODE_SIGN_STYLE = Automatic;
				CURRENT_PROJECT_VERSION = 1;
				DEVELOPMENT_ASSET_PATHS = "\"CommunityResourceFinder/Preview Content\"";
				ENABLE_PREVIEWS = YES;
				GENERATE_INFOPLIST_FILE = YES;
				INFOPLIST_FILE = CommunityResourceFinder/Info.plist;
				INFOPLIST_KEY_CFBundleDisplayName = ResourceFinder;
				INFOPLIST_KEY_LSApplicationCategoryType = "public.app-category.reference";
				INFOPLIST_KEY_NSLocationWhenInUseUsageDescription = "We want to show the resources relevant to your location.";
				INFOPLIST_KEY_UIApplicationSceneManifest_Generation = YES;
				INFOPLIST_KEY_UIApplicationSupportsIndirectInputEvents = YES;
				INFOPLIST_KEY_UILaunchStoryboardName = "Launch Screen";
				INFOPLIST_KEY_UISupportedInterfaceOrientations = "UIInterfaceOrientationLandscapeLeft UIInterfaceOrientationLandscapeRight UIInterfaceOrientationPortrait UIInterfaceOrientationPortraitUpsideDown";
				IPHONEOS_DEPLOYMENT_TARGET = 17.0;
				LD_RUNPATH_SEARCH_PATHS = (
					"$(inherited)",
					"@executable_path/Frameworks",
				);
				MARKETING_VERSION = 2025.0;
				PRODUCT_BUNDLE_IDENTIFIER = com.dekebowman.ResourceFinder;
				PRODUCT_NAME = "$(TARGET_NAME)";
				SWIFT_EMIT_LOC_STRINGS = YES;
				SWIFT_VERSION = 5.0;
				TARGETED_DEVICE_FAMILY = "1,2";
			};
			name = Debug;
		};
		E10E6AF52C66CCD2004D2A35 /* Release */ = {
			isa = XCBuildConfiguration;
			buildSettings = {
				ASSETCATALOG_COMPILER_APPICON_NAME = AppIcon;
				ASSETCATALOG_COMPILER_GLOBAL_ACCENT_COLOR_NAME = AccentColor;
				ASSETCATALOG_COMPILER_INCLUDE_ALL_APPICON_ASSETS = YES;
				CODE_SIGN_STYLE = Automatic;
				CURRENT_PROJECT_VERSION = 1;
				DEVELOPMENT_ASSET_PATHS = "\"CommunityResourceFinder/Preview Content\"";
				ENABLE_PREVIEWS = YES;
				GENERATE_INFOPLIST_FILE = YES;
				INFOPLIST_FILE = CommunityResourceFinder/Info.plist;
				INFOPLIST_KEY_CFBundleDisplayName = ResourceFinder;
				INFOPLIST_KEY_LSApplicationCategoryType = "public.app-category.reference";
				INFOPLIST_KEY_NSLocationWhenInUseUsageDescription = "We want to show the resources relevant to your location.";
				INFOPLIST_KEY_UIApplicationSceneManifest_Generation = YES;
				INFOPLIST_KEY_UIApplicationSupportsIndirectInputEvents = YES;
				INFOPLIST_KEY_UILaunchStoryboardName = "Launch Screen";
				INFOPLIST_KEY_UISupportedInterfaceOrientations = "UIInterfaceOrientationLandscapeLeft UIInterfaceOrientationLandscapeRight UIInterfaceOrientationPortrait UIInterfaceOrientationPortraitUpsideDown";
				IPHONEOS_DEPLOYMENT_TARGET = 17.0;
				LD_RUNPATH_SEARCH_PATHS = (
					"$(inherited)",
					"@executable_path/Frameworks",
				);
				MARKETING_VERSION = 2025.0;
				PRODUCT_BUNDLE_IDENTIFIER = com.dekebowman.ResourceFinder;
				PRODUCT_NAME = "$(TARGET_NAME)";
				SWIFT_EMIT_LOC_STRINGS = YES;
				SWIFT_VERSION = 5.0;
				TARGETED_DEVICE_FAMILY = "1,2";
			};
			name = Release;
		};
/* End XCBuildConfiguration section */

/* Begin XCConfigurationList section */
		E10E6AE02C66CCD1004D2A35 /* Build configuration list for PBXProject "CommunityResourceFinder" */ = {
			isa = XCConfigurationList;
			buildConfigurations = (
				E10E6AF12C66CCD2004D2A35 /* Debug */,
				E10E6AF22C66CCD2004D2A35 /* Release */,
			);
			defaultConfigurationIsVisible = 0;
			defaultConfigurationName = Release;
		};
		E10E6AF32C66CCD2004D2A35 /* Build configuration list for PBXNativeTarget "CommunityResourceFinder" */ = {
			isa = XCConfigurationList;
			buildConfigurations = (
				E10E6AF42C66CCD2004D2A35 /* Debug */,
				E10E6AF52C66CCD2004D2A35 /* Release */,
			);
			defaultConfigurationIsVisible = 0;
			defaultConfigurationName = Release;
		};
/* End XCConfigurationList section */

/* Begin XCRemoteSwiftPackageReference section */
		E1BE8D422CA0F4C7002975C8 /* XCRemoteSwiftPackageReference "firebase-ios-sdk" */ = {
			isa = XCRemoteSwiftPackageReference;
			repositoryURL = "https://github.com/firebase/firebase-ios-sdk.git";
			requirement = {
				kind = upToNextMajorVersion;
				minimumVersion = 11.2.0;
			};
		};
/* End XCRemoteSwiftPackageReference section */

/* Begin XCSwiftPackageProductDependency section */
		E14954122D0BAAD300E22BDB /* FirebaseAnalytics */ = {
			isa = XCSwiftPackageProductDependency;
			package = E1BE8D422CA0F4C7002975C8 /* XCRemoteSwiftPackageReference "firebase-ios-sdk" */;
			productName = FirebaseAnalytics;
		};
		E14954142D0BAAD300E22BDB /* FirebaseAuth */ = {
			isa = XCSwiftPackageProductDependency;
			package = E1BE8D422CA0F4C7002975C8 /* XCRemoteSwiftPackageReference "firebase-ios-sdk" */;
			productName = FirebaseAuth;
		};
		E14954162D0BAAD300E22BDB /* FirebaseCrashlytics */ = {
			isa = XCSwiftPackageProductDependency;
			package = E1BE8D422CA0F4C7002975C8 /* XCRemoteSwiftPackageReference "firebase-ios-sdk" */;
			productName = FirebaseCrashlytics;
		};
		E14954182D0BAAD300E22BDB /* FirebaseFirestore */ = {
			isa = XCSwiftPackageProductDependency;
			package = E1BE8D422CA0F4C7002975C8 /* XCRemoteSwiftPackageReference "firebase-ios-sdk" */;
			productName = FirebaseFirestore;
		};
		E149541A2D0BAAD300E22BDB /* FirebaseStorage */ = {
			isa = XCSwiftPackageProductDependency;
			package = E1BE8D422CA0F4C7002975C8 /* XCRemoteSwiftPackageReference "firebase-ios-sdk" */;
			productName = FirebaseStorage;
		};
		E149541C2D0BAB5900E22BDB /* FirebaseStorage */ = {
			isa = XCSwiftPackageProductDependency;
			package = E1BE8D422CA0F4C7002975C8 /* XCRemoteSwiftPackageReference "firebase-ios-sdk" */;
			productName = FirebaseStorage;
		};
		E149541E2D0C80D400E22BDB /* FirebaseAuth */ = {
			isa = XCSwiftPackageProductDependency;
			package = E1BE8D422CA0F4C7002975C8 /* XCRemoteSwiftPackageReference "firebase-ios-sdk" */;
			productName = FirebaseAuth;
		};
		E14954202D0C80D400E22BDB /* FirebaseFirestore */ = {
			isa = XCSwiftPackageProductDependency;
			package = E1BE8D422CA0F4C7002975C8 /* XCRemoteSwiftPackageReference "firebase-ios-sdk" */;
			productName = FirebaseFirestore;
		};
		E15D7C562D03AA91003C85D1 /* FirebaseAnalytics */ = {
			isa = XCSwiftPackageProductDependency;
			package = E1BE8D422CA0F4C7002975C8 /* XCRemoteSwiftPackageReference "firebase-ios-sdk" */;
			productName = FirebaseAnalytics;
		};
		E15D7C582D03AA91003C85D1 /* FirebaseAnalyticsOnDeviceConversion */ = {
			isa = XCSwiftPackageProductDependency;
			package = E1BE8D422CA0F4C7002975C8 /* XCRemoteSwiftPackageReference "firebase-ios-sdk" */;
			productName = FirebaseAnalyticsOnDeviceConversion;
		};
		E15D7C5A2D03AA91003C85D1 /* FirebaseAnalyticsWithoutAdIdSupport */ = {
			isa = XCSwiftPackageProductDependency;
			package = E1BE8D422CA0F4C7002975C8 /* XCRemoteSwiftPackageReference "firebase-ios-sdk" */;
			productName = FirebaseAnalyticsWithoutAdIdSupport;
		};
		E15D7C5C2D03AA91003C85D1 /* FirebaseAppCheck */ = {
			isa = XCSwiftPackageProductDependency;
			package = E1BE8D422CA0F4C7002975C8 /* XCRemoteSwiftPackageReference "firebase-ios-sdk" */;
			productName = FirebaseAppCheck;
		};
		E15D7C5E2D03AA91003C85D1 /* FirebaseAppDistribution-Beta */ = {
			isa = XCSwiftPackageProductDependency;
			package = E1BE8D422CA0F4C7002975C8 /* XCRemoteSwiftPackageReference "firebase-ios-sdk" */;
			productName = "FirebaseAppDistribution-Beta";
		};
		E167D7932D73CB8100593970 /* FirebaseAppCheck */ = {
			isa = XCSwiftPackageProductDependency;
			package = E1BE8D422CA0F4C7002975C8 /* XCRemoteSwiftPackageReference "firebase-ios-sdk" */;
			productName = FirebaseAppCheck;
		};
		E167D7952D73CB8100593970 /* FirebaseStorage */ = {
			isa = XCSwiftPackageProductDependency;
			package = E1BE8D422CA0F4C7002975C8 /* XCRemoteSwiftPackageReference "firebase-ios-sdk" */;
			productName = FirebaseStorage;
		};
		E1BE8D432CA0F4C7002975C8 /* FirebaseAnalytics */ = {
			isa = XCSwiftPackageProductDependency;
			package = E1BE8D422CA0F4C7002975C8 /* XCRemoteSwiftPackageReference "firebase-ios-sdk" */;
			productName = FirebaseAnalytics;
		};
		E1BE8D452CA0F4C7002975C8 /* FirebaseAnalyticsWithoutAdIdSupport */ = {
			isa = XCSwiftPackageProductDependency;
			package = E1BE8D422CA0F4C7002975C8 /* XCRemoteSwiftPackageReference "firebase-ios-sdk" */;
			productName = FirebaseAnalyticsWithoutAdIdSupport;
		};
		E1F1B14C2DAABDD90029F75B /* FirebasePerformance */ = {
			isa = XCSwiftPackageProductDependency;
			package = E1BE8D422CA0F4C7002975C8 /* XCRemoteSwiftPackageReference "firebase-ios-sdk" */;
			productName = FirebasePerformance;
		};
		E1FFEEBE2D247E8B0042D7D1 /* FirebaseAppCheck */ = {
			isa = XCSwiftPackageProductDependency;
			package = E1BE8D422CA0F4C7002975C8 /* XCRemoteSwiftPackageReference "firebase-ios-sdk" */;
			productName = FirebaseAppCheck;
		};
		E1FFEEC02D247E8B0042D7D1 /* FirebaseCrashlytics */ = {
			isa = XCSwiftPackageProductDependency;
			package = E1BE8D422CA0F4C7002975C8 /* XCRemoteSwiftPackageReference "firebase-ios-sdk" */;
			productName = FirebaseCrashlytics;
		};
		E1FFEF192D2B2F9B0042D7D1 /* FirebaseStorage */ = {
			isa = XCSwiftPackageProductDependency;
			package = E1BE8D422CA0F4C7002975C8 /* XCRemoteSwiftPackageReference "firebase-ios-sdk" */;
			productName = FirebaseStorage;
		};
/* End XCSwiftPackageProductDependency section */
	};
	rootObject = E10E6ADD2C66CCD1004D2A35 /* Project object */;
}
